<?xml version="1.0" encoding="utf-8"?>
<Project ToolsVersion="15.0" xmlns="http://schemas.microsoft.com/developer/msbuild/2003">
  <ItemGroup>
    <Filter Include="A00. Ir77PROJECT">
      <UniqueIdentifier>{926ab91d-31b4-48c3-b9a4-e681349f27f0}</UniqueIdentifier>
    </Filter>
    <Filter Include="A01. Ir77LIBRARY">
      <UniqueIdentifier>accd3aa8-1ba0-4223-9bbe-0c431709210b</UniqueIdentifier>
      <Extensions>rc;ico;cur;bmp;dlg;rc2;rct;bin;rgs;gif;jpg;jpeg;jpe;resx;tga;tiff;tif;png;wav;mfcribbon-ms</Extensions>
    </Filter>
    <Filter Include="A02. Ir77FORWARD">
      <UniqueIdentifier>{bebd0de1-fb3f-45be-84b0-eac8a49aff63}</UniqueIdentifier>
    </Filter>
    <Filter Include="A03. Ir77RESOURCE">
      <UniqueIdentifier>{b3cfbf00-3814-40c7-9e46-793a70d4fe23}</UniqueIdentifier>
    </Filter>
    <Filter Include="B00. IIr77LOADER">
      <UniqueIdentifier>{b242693a-67fa-40c4-aff1-837c3ef81226}</UniqueIdentifier>
    </Filter>
    <Filter Include="B01. OIr77LOADER">
      <UniqueIdentifier>{779794f5-84c8-49f8-a188-d148c1dc1cd7}</UniqueIdentifier>
    </Filter>
    <Filter Include="B02. DIr77LOADER">
      <UniqueIdentifier>{83240328-6f1e-4944-90e1-dafb8e3da615}</UniqueIdentifier>
    </Filter>
    <Filter Include="B03. XIr77LOADER">
      <UniqueIdentifier>{16012e77-e347-4eb7-973f-649849208bf2}</UniqueIdentifier>
    </Filter>
    <Filter Include="B01. OIr77LOADER\00. OIr77LOADER">
      <UniqueIdentifier>{6bcc6b0f-f165-4ba1-ba59-d818e227663f}</UniqueIdentifier>
    </Filter>
    <Filter Include="B01. OIr77LOADER\01. OIr77LOAD">
      <UniqueIdentifier>{cf4efae8-75eb-4011-9a3d-dce578669531}</UniqueIdentifier>
    </Filter>
    <Filter Include="B01. OIr77LOADER\02. OIr77UNLOAD">
      <UniqueIdentifier>{f7b85a31-494e-428d-947a-fc4dff81b500}</UniqueIdentifier>
    </Filter>
    <Filter Include="B01. OIr77LOADER\04. OIr77GETSTATE">
      <UniqueIdentifier>{7ac696b5-e380-4d39-8549-dd9dcef02ce9}</UniqueIdentifier>
    </Filter>
    <Filter Include="B01. OIr77LOADER\03. OIr77SETSTATE">
      <UniqueIdentifier>{841fffd5-49ec-4262-b15c-7b55576016d2}</UniqueIdentifier>
    </Filter>
    <Filter Include="B02. DIr77LOADER\00. DIr77LOADER">
      <UniqueIdentifier>{6897e988-90ca-4d46-8936-4b447db84432}</UniqueIdentifier>
    </Filter>
    <Filter Include="B02. DIr77LOADER\01. DIr77STATE">
      <UniqueIdentifier>{cf330e85-cfde-42d2-b03b-e37ffca37b63}</UniqueIdentifier>
    </Filter>
  </ItemGroup>
  <ItemGroup>
    <ClCompile Include="pch.cpp">
      <Filter>A00. Ir77PROJECT</Filter>
    </ClCompile>
    <ClCompile Include="$(GeneratedFilesDir)module.g.cpp">
      <Filter>A00. Ir77PROJECT</Filter>
    </ClCompile>
    <ClCompile Include="IDIIr77LOADER.cpp">
      <Filter>B00. IIr77LOADER</Filter>
    </ClCompile>
    <ClCompile Include="IDOIr77LOADER.cpp">
      <Filter>B01. OIr77LOADER</Filter>
    </ClCompile>
    <ClCompile Include="IDDIr77LOADER.cpp">
      <Filter>B02. DIr77LOADER</Filter>
    </ClCompile>
    <ClCompile Include="IDXIr77LOADER.cpp">
      <Filter>B03. XIr77LOADER</Filter>
    </ClCompile>
    <ClCompile Include="OIr77LOAD.cpp">
      <Filter>B01. OIr77LOADER\01. OIr77LOAD</Filter>
    </ClCompile>
    <ClCompile Include="OIr77UNLOAD.cpp">
      <Filter>B01. OIr77LOADER\02. OIr77UNLOAD</Filter>
    </ClCompile>
    <ClCompile Include="OIr77SETSTATE.cpp">
      <Filter>B01. OIr77LOADER\03. OIr77SETSTATE</Filter>
    </ClCompile>
    <ClCompile Include="OIr77GETSTATE.cpp">
      <Filter>B01. OIr77LOADER\04. OIr77GETSTATE</Filter>
    </ClCompile>
    <ClCompile Include="DIr77STATE.cpp">
      <Filter>B02. DIr77LOADER\01. DIr77STATE</Filter>
    </ClCompile>
  </ItemGroup>
  <ItemGroup>
    <Midl Include="Class.idl" />
  </ItemGroup>
  <ItemGroup>
    <None Include="IIr77LOADER.def">
      <Filter>A00. Ir77PROJECT</Filter>
    </None>
    <None Include="packages.config" />
  </ItemGroup>
  <ItemGroup>
    <ClInclude Include="pch.h">
      <Filter>A00. Ir77PROJECT</Filter>
    </ClInclude>
  </ItemGroup>
</Project>