<?xml version="1.0" encoding="utf-8"?>
<Project ToolsVersion="15.0" xmlns="http://schemas.microsoft.com/developer/msbuild/2003">
  <ItemGroup>
    <Filter Include="A00. Ir77PROJECT">
      <UniqueIdentifier>{926ab91d-31b4-48c3-b9a4-e681349f27f0}</UniqueIdentifier>
    </Filter>
    <Filter Include="A01. Ir77LIBRARY">
      <UniqueIdentifier>accd3aa8-1ba0-4223-9bbe-0c431709210b</UniqueIdentifier>
      <Extensions>rc;ico;cur;bmp;dlg;rc2;rct;bin;rgs;gif;jpg;jpeg;jpe;resx;tga;tiff;tif;png;wav;mfcribbon-ms</Extensions>
    </Filter>
    <Filter Include="A02. Ir77FORWARD">
      <UniqueIdentifier>{deecea07-6230-4408-95f7-bc568fe3f2f4}</UniqueIdentifier>
    </Filter>
    <Filter Include="A03. Ir77RESOURCE">
      <UniqueIdentifier>{e9091182-4058-411b-a0a6-6f0210b5e509}</UniqueIdentifier>
    </Filter>
    <Filter Include="B00. IIr77HEALTH">
      <UniqueIdentifier>{ee739bb7-7c1e-4a38-b0bf-7a547b22e2e2}</UniqueIdentifier>
    </Filter>
    <Filter Include="B01. OIr77MEDIC">
      <UniqueIdentifier>{b7362349-e50f-4000-9b47-19d15e54c1ad}</UniqueIdentifier>
    </Filter>
    <Filter Include="B02. DIr77MEDIC">
      <UniqueIdentifier>{763882de-48d1-4a82-8369-15a9cd6d9c48}</UniqueIdentifier>
    </Filter>
    <Filter Include="B03. XIr77MEDIC">
      <UniqueIdentifier>{56a5388f-a54e-4a8b-a414-5502b6988753}</UniqueIdentifier>
    </Filter>
    <Filter Include="B04. OIr77POKE">
      <UniqueIdentifier>{f8dac875-78c3-4d60-b784-4e2992651b4e}</UniqueIdentifier>
    </Filter>
    <Filter Include="B05. DIr77POKE">
      <UniqueIdentifier>{f439b2dd-9bf0-486c-8666-5f5d8d58d0a9}</UniqueIdentifier>
    </Filter>
    <Filter Include="B06. XIr77POKE">
      <UniqueIdentifier>{172db1ce-45c7-4b00-b725-78be3dffe38f}</UniqueIdentifier>
    </Filter>
    <Filter Include="B07. OIr77ECHO">
      <UniqueIdentifier>{1855fdc5-1769-4fa3-b375-0b61aa2e04d4}</UniqueIdentifier>
    </Filter>
    <Filter Include="B08. DIr77ECHO">
      <UniqueIdentifier>{5e05167e-f8a0-454a-9c52-b78875108a15}</UniqueIdentifier>
    </Filter>
    <Filter Include="B09. XIr77ECHO">
      <UniqueIdentifier>{3b20b301-0de1-4b4a-ad07-9a194657d48c}</UniqueIdentifier>
    </Filter>
  </ItemGroup>
  <ItemGroup>
    <ClCompile Include="$(GeneratedFilesDir)module.g.cpp">
      <Filter>A00. Ir77PROJECT</Filter>
    </ClCompile>
    <ClCompile Include="pch.cpp">
      <Filter>A00. Ir77PROJECT</Filter>
    </ClCompile>
    <ClCompile Include="IDIIr77HEALTH.cpp">
      <Filter>B00. IIr77HEALTH</Filter>
    </ClCompile>
    <ClCompile Include="IDOIr77MEDIC.cpp">
      <Filter>B01. OIr77MEDIC</Filter>
    </ClCompile>
    <ClCompile Include="IDDIr77MEDIC.cpp">
      <Filter>B02. DIr77MEDIC</Filter>
    </ClCompile>
    <ClCompile Include="IDXIr77MEDIC.cpp">
      <Filter>B03. XIr77MEDIC</Filter>
    </ClCompile>
    <ClCompile Include="IDOIr77POKE.cpp">
      <Filter>B04. OIr77POKE</Filter>
    </ClCompile>
    <ClCompile Include="IDDIr77POKE.cpp">
      <Filter>B05. DIr77POKE</Filter>
    </ClCompile>
    <ClCompile Include="IDXIr77POKE.cpp">
      <Filter>B06. XIr77POKE</Filter>
    </ClCompile>
    <ClCompile Include="IDOIr77ECHO.cpp">
      <Filter>B07. OIr77ECHO</Filter>
    </ClCompile>
    <ClCompile Include="IDDIr77ECHO.cpp">
      <Filter>B08. DIr77ECHO</Filter>
    </ClCompile>
    <ClCompile Include="IDXIr77ECHO.cpp">
      <Filter>B09. XIr77ECHO</Filter>
    </ClCompile>
  </ItemGroup>
  <ItemGroup>
    <Midl Include="Class.idl" />
  </ItemGroup>
  <ItemGroup>
    <None Include="IIr77HEALTH.def">
      <Filter>A00. Ir77PROJECT</Filter>
    </None>
    <None Include="packages.config">
      <Filter>A00. Ir77PROJECT</Filter>
    </None>
  </ItemGroup>
  <ItemGroup>
    <ClInclude Include="pch.h">
      <Filter>A00. Ir77PROJECT</Filter>
    </ClInclude>
  </ItemGroup>
</Project>