<?xml version="1.0" encoding="utf-8"?>
<Project ToolsVersion="15.0" xmlns="http://schemas.microsoft.com/developer/msbuild/2003">
  <ItemGroup>
    <Filter Include="A00. Ir77PROJECT">
      <UniqueIdentifier>{926ab91d-31b4-48c3-b9a4-e681349f27f0}</UniqueIdentifier>
    </Filter>
    <Filter Include="A01. Ir77LIBRARY">
      <UniqueIdentifier>accd3aa8-1ba0-4223-9bbe-0c431709210b</UniqueIdentifier>
      <Extensions>rc;ico;cur;bmp;dlg;rc2;rct;bin;rgs;gif;jpg;jpeg;jpe;resx;tga;tiff;tif;png;wav;mfcribbon-ms</Extensions>
    </Filter>
    <Filter Include="A02. Ir77FORWARD">
      <UniqueIdentifier>{5bd7a952-ee9e-449e-99cc-dfc299e3787e}</UniqueIdentifier>
    </Filter>
    <Filter Include="A03. Ir77RESOURCE">
      <UniqueIdentifier>{b215c3c7-906a-4a0f-80ad-e4232b404aad}</UniqueIdentifier>
    </Filter>
    <Filter Include="B00. IIr77FILESYS">
      <UniqueIdentifier>{b09c1a56-b5b7-4470-a7cf-113e04822fdc}</UniqueIdentifier>
    </Filter>
    <Filter Include="C01. OIr77FOLDER">
      <UniqueIdentifier>{e945283b-2dab-4e09-a3e3-3c7e009572ee}</UniqueIdentifier>
    </Filter>
    <Filter Include="C02. DIr77FOLDER">
      <UniqueIdentifier>{a8c9ebcd-2244-406c-8387-0b71dad4c481}</UniqueIdentifier>
    </Filter>
    <Filter Include="C03. XIr77FOLDER">
      <UniqueIdentifier>{3150ff7c-bbea-48fc-b8a0-7c4bd30b40cd}</UniqueIdentifier>
    </Filter>
    <Filter Include="D01. OIr77HEADER">
      <UniqueIdentifier>{46715556-cde2-4c9b-969c-e418ab943514}</UniqueIdentifier>
    </Filter>
    <Filter Include="D02. DIr77HEADER">
      <UniqueIdentifier>{d3cecfd0-4f3b-4535-88b0-1ed5713774ef}</UniqueIdentifier>
    </Filter>
    <Filter Include="D03. XIr77HEADER">
      <UniqueIdentifier>{48d4e55c-c6c5-4ded-a6a5-58d5c9911d07}</UniqueIdentifier>
    </Filter>
    <Filter Include="C01. OIr77FOLDER\00. OIr77FOLDER">
      <UniqueIdentifier>{04efdfbb-2b77-4050-bb0c-c7cb76adfee0}</UniqueIdentifier>
    </Filter>
    <Filter Include="C01. OIr77FOLDER\01. OIr77OPEN">
      <UniqueIdentifier>{7a315a56-be0e-4f00-8859-a42600721364}</UniqueIdentifier>
    </Filter>
    <Filter Include="C01. OIr77FOLDER\02. OIr77CLOSE">
      <UniqueIdentifier>{1449c804-e93d-4730-8a80-e82cae8cc1ab}</UniqueIdentifier>
    </Filter>
    <Filter Include="C01. OIr77FOLDER\03. OIr77ADD">
      <UniqueIdentifier>{ef8b0201-6b6f-4665-810d-9f5b3537a828}</UniqueIdentifier>
    </Filter>
    <Filter Include="C01. OIr77FOLDER\04. OIr77RENAME">
      <UniqueIdentifier>{21b7ef12-753b-4d19-a347-8fdafba2c7cd}</UniqueIdentifier>
    </Filter>
    <Filter Include="C01. OIr77FOLDER\05. OIr77DELETE">
      <UniqueIdentifier>{9a9ee4eb-fb22-4af4-8aa7-da36cbab70a6}</UniqueIdentifier>
    </Filter>
    <Filter Include="C01. OIr77FOLDER\08. OIr77LOCKSEG">
      <UniqueIdentifier>{6cc4fe64-72ae-4805-8494-06735c0759f3}</UniqueIdentifier>
    </Filter>
    <Filter Include="C01. OIr77FOLDER\06. OIr77NEWSEG">
      <UniqueIdentifier>{7ec80c00-1fa9-4662-a1be-db4f9bee6c1d}</UniqueIdentifier>
    </Filter>
    <Filter Include="C01. OIr77FOLDER\07. OIr77DELSEG">
      <UniqueIdentifier>{ffb795f2-e0b3-4c11-ab6c-66003797add8}</UniqueIdentifier>
    </Filter>
    <Filter Include="C01. OIr77FOLDER\09. OIr77PUTSEG">
      <UniqueIdentifier>{ca2960ad-8b38-48d4-a7a6-c011ababd5ef}</UniqueIdentifier>
    </Filter>
    <Filter Include="C01. OIr77FOLDER\10. OIr77FREESEG">
      <UniqueIdentifier>{c88cb982-d91e-49ff-9a5a-8d43b7c8be55}</UniqueIdentifier>
    </Filter>
    <Filter Include="C02. DIr77FOLDER\00. DIr77FOLDER">
      <UniqueIdentifier>{2f1901e5-b960-4141-a46b-0b1c8b54ee39}</UniqueIdentifier>
    </Filter>
    <Filter Include="C02. DIr77FOLDER\01. DIr77SEGMENT">
      <UniqueIdentifier>{9ad3b9f0-fe2b-4842-bbd9-8721bcf1059a}</UniqueIdentifier>
    </Filter>
    <Filter Include="C03. XIr77FOLDER\00. XIr77FOLDER">
      <UniqueIdentifier>{2633a5de-7e05-40c3-8ba4-2fd275af3ffe}</UniqueIdentifier>
    </Filter>
    <Filter Include="C03. XIr77FOLDER\01. XIr77SEGMENT">
      <UniqueIdentifier>{7e9d55e7-d2af-4f8f-888e-c81e43912fe5}</UniqueIdentifier>
    </Filter>
    <Filter Include="D01. OIr77HEADER\00. OIr77HEADER">
      <UniqueIdentifier>{3a381100-078a-45d1-8b28-e6e078585e4b}</UniqueIdentifier>
    </Filter>
    <Filter Include="D01. OIr77HEADER\01. OIr77UPDATE">
      <UniqueIdentifier>{f7e9a783-b495-463b-865f-291cb85cd5ed}</UniqueIdentifier>
    </Filter>
    <Filter Include="D01. OIr77HEADER\02. OIr77READBUF">
      <UniqueIdentifier>{eed284f2-2a6a-42f7-bf6f-950f4e8ffe59}</UniqueIdentifier>
    </Filter>
    <Filter Include="D01. OIr77HEADER\03. OIr77WRITEBUF">
      <UniqueIdentifier>{3b7aa93f-5d8c-4e74-965a-7d8a168ec529}</UniqueIdentifier>
    </Filter>
    <Filter Include="D02. DIr77HEADER\00. DIr77HEADER">
      <UniqueIdentifier>{317a82b3-ed05-4771-9937-9c4df228643a}</UniqueIdentifier>
    </Filter>
    <Filter Include="B01. OIr77DIRECTORY">
      <UniqueIdentifier>{0c2e5f19-15f9-4011-a525-19ac1aafbebd}</UniqueIdentifier>
    </Filter>
    <Filter Include="B01. OIr77DIRECTORY\00. OIr77FILESYS">
      <UniqueIdentifier>{3a435556-3d55-408b-a7e7-7f6d6e8561b7}</UniqueIdentifier>
    </Filter>
    <Filter Include="B01. OIr77DIRECTORY\03. OIr77REFACTOR">
      <UniqueIdentifier>{b69e0383-5841-4123-bcd0-2799ca7c0bc0}</UniqueIdentifier>
    </Filter>
    <Filter Include="B01. OIr77DIRECTORY\04. OIr77ROOT">
      <UniqueIdentifier>{6e77d594-a8c1-48b0-bb95-942129d8c15c}</UniqueIdentifier>
    </Filter>
    <Filter Include="B02. DIr77DIRECTORY">
      <UniqueIdentifier>{6ee47a1d-b5f7-4d23-bd22-d24745623887}</UniqueIdentifier>
    </Filter>
    <Filter Include="B02. DIr77DIRECTORY\00. DIr77FILESYS">
      <UniqueIdentifier>{fa29e06f-672e-4bd5-bbf6-5c5aa2962959}</UniqueIdentifier>
    </Filter>
    <Filter Include="B02. DIr77DIRECTORY\01. DIr77LOAD">
      <UniqueIdentifier>{75d57a8e-c5ee-49fe-8b16-cc7d82367cac}</UniqueIdentifier>
    </Filter>
    <Filter Include="B03. XIr77DIRECTORY">
      <UniqueIdentifier>{75e4ea3c-528b-49a7-938c-7baedc422223}</UniqueIdentifier>
    </Filter>
    <Filter Include="B01. OIr77DIRECTORY\01. OIr77LOADIMG">
      <UniqueIdentifier>{3c75632f-61d5-418d-9dc4-b600e62c8124}</UniqueIdentifier>
    </Filter>
    <Filter Include="B01. OIr77DIRECTORY\02. OIr77PARKIMG">
      <UniqueIdentifier>{eb672179-010d-4f3f-9728-2b307d9f33c9}</UniqueIdentifier>
    </Filter>
    <Filter Include="B02. DIr77DIRECTORY\02. DIr77ROOT">
      <UniqueIdentifier>{bdacf347-73e3-4c64-bf91-1aff7f169a36}</UniqueIdentifier>
    </Filter>
  </ItemGroup>
  <ItemGroup>
    <ClCompile Include="$(GeneratedFilesDir)module.g.cpp">
      <Filter>A00. Ir77PROJECT</Filter>
    </ClCompile>
    <ClCompile Include="pch.cpp">
      <Filter>A00. Ir77PROJECT</Filter>
    </ClCompile>
    <ClCompile Include="IDIIr77FILESYS.cpp">
      <Filter>B00. IIr77FILESYS</Filter>
    </ClCompile>
    <ClCompile Include="IDOIr77DIRECTORY.cpp">
      <Filter>B01. OIr77DIRECTORY</Filter>
    </ClCompile>
    <ClCompile Include="IDDIr77DIRECTORY.cpp">
      <Filter>B02. DIr77DIRECTORY</Filter>
    </ClCompile>
    <ClCompile Include="IDXIr77DIRECTORY.cpp">
      <Filter>B03. XIr77DIRECTORY</Filter>
    </ClCompile>
    <ClCompile Include="IDOIr77FOLDER.cpp">
      <Filter>C01. OIr77FOLDER</Filter>
    </ClCompile>
    <ClCompile Include="IDDIr77FOLDER.cpp">
      <Filter>C02. DIr77FOLDER</Filter>
    </ClCompile>
    <ClCompile Include="IDXIr77FOLDER.cpp">
      <Filter>C03. XIr77FOLDER</Filter>
    </ClCompile>
    <ClCompile Include="IDOIr77HEADER.cpp">
      <Filter>D01. OIr77HEADER</Filter>
    </ClCompile>
    <ClCompile Include="IDDIr77HEADER.cpp">
      <Filter>D02. DIr77HEADER</Filter>
    </ClCompile>
    <ClCompile Include="IDXIr77HEADER.cpp">
      <Filter>D03. XIr77HEADER</Filter>
    </ClCompile>
    <ClCompile Include="OIr77LOADIMG.cpp">
      <Filter>B01. OIr77DIRECTORY\01. OIr77LOADIMG</Filter>
    </ClCompile>
    <ClCompile Include="OIr77PARKIMG.cpp">
      <Filter>B01. OIr77DIRECTORY\02. OIr77PARKIMG</Filter>
    </ClCompile>
    <ClCompile Include="OIr77REFACTOR.cpp">
      <Filter>B01. OIr77DIRECTORY\03. OIr77REFACTOR</Filter>
    </ClCompile>
    <ClCompile Include="OIr77ROOT.cpp">
      <Filter>B01. OIr77DIRECTORY\04. OIr77ROOT</Filter>
    </ClCompile>
    <ClCompile Include="DIr77LOAD.cpp">
      <Filter>B02. DIr77DIRECTORY\01. DIr77LOAD</Filter>
    </ClCompile>
    <ClCompile Include="OIr77OPEN.cpp">
      <Filter>C01. OIr77FOLDER\01. OIr77OPEN</Filter>
    </ClCompile>
    <ClCompile Include="OIr77CLOSE.cpp">
      <Filter>C01. OIr77FOLDER\02. OIr77CLOSE</Filter>
    </ClCompile>
    <ClCompile Include="OIr77ADD.cpp">
      <Filter>C01. OIr77FOLDER\03. OIr77ADD</Filter>
    </ClCompile>
    <ClCompile Include="OIr77RENAME.cpp">
      <Filter>C01. OIr77FOLDER\04. OIr77RENAME</Filter>
    </ClCompile>
    <ClCompile Include="OIr77DELETE.cpp">
      <Filter>C01. OIr77FOLDER\05. OIr77DELETE</Filter>
    </ClCompile>
    <ClCompile Include="OIr77NEWSEG.cpp">
      <Filter>C01. OIr77FOLDER\06. OIr77NEWSEG</Filter>
    </ClCompile>
    <ClCompile Include="OIr77DELSEG.cpp">
      <Filter>C01. OIr77FOLDER\07. OIr77DELSEG</Filter>
    </ClCompile>
    <ClCompile Include="OIr77LOCKSEG.cpp">
      <Filter>C01. OIr77FOLDER\08. OIr77LOCKSEG</Filter>
    </ClCompile>
    <ClCompile Include="OIr77PUTSEG.cpp">
      <Filter>C01. OIr77FOLDER\09. OIr77PUTSEG</Filter>
    </ClCompile>
    <ClCompile Include="OIr77FREESEG.cpp">
      <Filter>C01. OIr77FOLDER\10. OIr77FREESEG</Filter>
    </ClCompile>
    <ClCompile Include="DIr77FOLDER.cpp">
      <Filter>C02. DIr77FOLDER\00. DIr77FOLDER</Filter>
    </ClCompile>
    <ClCompile Include="DIr77SEGMENT.cpp">
      <Filter>C02. DIr77FOLDER\01. DIr77SEGMENT</Filter>
    </ClCompile>
    <ClCompile Include="OIr77UPDATE.cpp">
      <Filter>D01. OIr77HEADER\01. OIr77UPDATE</Filter>
    </ClCompile>
    <ClCompile Include="OIr77READBUF.cpp">
      <Filter>D01. OIr77HEADER\02. OIr77READBUF</Filter>
    </ClCompile>
    <ClCompile Include="OIr77WRITEBUF.cpp">
      <Filter>D01. OIr77HEADER\03. OIr77WRITEBUF</Filter>
    </ClCompile>
    <ClCompile Include="DIr77HEADER.cpp">
      <Filter>D02. DIr77HEADER\00. DIr77HEADER</Filter>
    </ClCompile>
    <ClCompile Include="DIr77ROOT.cpp">
      <Filter>B02. DIr77DIRECTORY\02. DIr77ROOT</Filter>
    </ClCompile>
  </ItemGroup>
  <ItemGroup>
    <None Include="IIr77FILESYS.def">
      <Filter>A00. Ir77PROJECT</Filter>
    </None>
    <None Include="packages.config">
      <Filter>A00. Ir77PROJECT</Filter>
    </None>
  </ItemGroup>
  <ItemGroup>
    <ClInclude Include="pch.h">
      <Filter>A00. Ir77PROJECT</Filter>
    </ClInclude>
  </ItemGroup>
  <ItemGroup>
    <Natvis Include="$(MSBuildThisFileDirectory)..\..\natvis\wil.natvis" />
  </ItemGroup>
</Project>