<?xml version="1.0" encoding="utf-8"?>
<Project ToolsVersion="15.0" xmlns="http://schemas.microsoft.com/developer/msbuild/2003">
  <ItemGroup>
    <Filter Include="i. Ir77PROJECT">
      <UniqueIdentifier>{a2084aeb-0dc6-4515-a2e7-08fde596a27d}</UniqueIdentifier>
    </Filter>
    <Filter Include="iii. IIr77GRAPHICS">
      <UniqueIdentifier>{0be5126c-a946-46cb-901e-eb8c11cfd044}</UniqueIdentifier>
    </Filter>
    <Filter Include="ii. Ir77LIBRARY">
      <UniqueIdentifier>{0344a21e-2593-4ffd-8ba9-bd4cb484c2b1}</UniqueIdentifier>
    </Filter>
    <Filter Include="iii. IIr77GRAPHICS\00. Graphics Enumeration">
      <UniqueIdentifier>{eee2123a-1dce-4d54-9c13-87d75cff846a}</UniqueIdentifier>
    </Filter>
    <Filter Include="iii. IIr77GRAPHICS\01. Graphics">
      <UniqueIdentifier>{a52bafbc-9c36-424a-9410-f7efdbe49216}</UniqueIdentifier>
    </Filter>
    <Filter Include="iii. IIr77GRAPHICS\08. Feature Level Enum">
      <UniqueIdentifier>{f5321973-7a3f-423d-872d-02f596293b90}</UniqueIdentifier>
    </Filter>
    <Filter Include="iii. IIr77GRAPHICS\09. Display Mode Enum">
      <UniqueIdentifier>{ac8890e1-dda4-4ff2-88d0-b4e9f37f763c}</UniqueIdentifier>
    </Filter>
    <Filter Include="iii. IIr77GRAPHICS\10. Anti Aliasing Mode Enum">
      <UniqueIdentifier>{2d5fac1c-1bd5-4aa4-8e9f-9ea1e2ed436a}</UniqueIdentifier>
    </Filter>
    <Filter Include="iii. IIr77GRAPHICS\11. Filtering Mode Enum">
      <UniqueIdentifier>{def1bfce-a439-4b9b-b1a7-9afa952d3058}</UniqueIdentifier>
    </Filter>
    <Filter Include="iii. IIr77GRAPHICS\12. Shader Language Enum">
      <UniqueIdentifier>{3bc6a4db-60c5-44d6-b76e-c4eaee6b1c49}</UniqueIdentifier>
    </Filter>
    <Filter Include="iii. IIr77GRAPHICS\12. Shader Language Enum\1. E_GPU_HLSL_1_3">
      <UniqueIdentifier>{248d9423-c184-4bba-8c84-85927e784b4e}</UniqueIdentifier>
    </Filter>
    <Filter Include="iii. IIr77GRAPHICS\12. Shader Language Enum\2. E_GPU_HLSL_1_4">
      <UniqueIdentifier>{d2d7bf15-da3f-488e-a171-fda5241fb95a}</UniqueIdentifier>
    </Filter>
    <Filter Include="iii. IIr77GRAPHICS\12. Shader Language Enum\3. E_GPU_HLSL_2_0">
      <UniqueIdentifier>{45ef64ff-7c99-4090-8efe-51a2de97a989}</UniqueIdentifier>
    </Filter>
    <Filter Include="iii. IIr77GRAPHICS\12. Shader Language Enum\4. E_GPU_HLSL_2_A">
      <UniqueIdentifier>{dca81aaf-4cf3-469f-b9c7-ad095b161fd0}</UniqueIdentifier>
    </Filter>
    <Filter Include="iii. IIr77GRAPHICS\12. Shader Language Enum\5. E_GPU_HLSL_2_B">
      <UniqueIdentifier>{934a30c7-18dd-4e4a-9110-661118fb5f3d}</UniqueIdentifier>
    </Filter>
    <Filter Include="iii. IIr77GRAPHICS\12. Shader Language Enum\6. E_GPU_HLSL_3_0">
      <UniqueIdentifier>{b0ccf7de-94b1-47d2-94f3-4ac77f3c8e2c}</UniqueIdentifier>
    </Filter>
    <Filter Include="iii. IIr77GRAPHICS\12. Shader Language Enum\7. E_GPU_HLSL_4_0">
      <UniqueIdentifier>{a337d0fd-95a8-407c-9b2a-0e7158a7b0f0}</UniqueIdentifier>
    </Filter>
    <Filter Include="iii. IIr77GRAPHICS\12. Shader Language Enum\8. E_GPU_HLSL_4_1">
      <UniqueIdentifier>{4eda78a8-cdca-48d3-b3de-9d641ed0a4e9}</UniqueIdentifier>
    </Filter>
    <Filter Include="iii. IIr77GRAPHICS\12. Shader Language Enum\9. E_GPU_HLSL_5_0">
      <UniqueIdentifier>{acc4b947-fdcd-43d1-a701-f5c927258847}</UniqueIdentifier>
    </Filter>
    <Filter Include="iii. IIr77GRAPHICS\12. Shader Language Enum\10. E_GPU_HLSL_6_0">
      <UniqueIdentifier>{94079942-51aa-4203-89bc-913a7b85fdcf}</UniqueIdentifier>
    </Filter>
    <Filter Include="iii. IIr77GRAPHICS\12. Shader Language Enum\11. E_GPU_HLSL_6_1">
      <UniqueIdentifier>{31098aee-2d0b-4ed9-8b72-28c490d08b98}</UniqueIdentifier>
    </Filter>
    <Filter Include="iii. IIr77GRAPHICS\12. Shader Language Enum\12. E_GPU_HLSL_6_2">
      <UniqueIdentifier>{5f6ba0c9-6514-4c67-838a-3d4314e23cee}</UniqueIdentifier>
    </Filter>
    <Filter Include="iii. IIr77GRAPHICS\12. Shader Language Enum\13. E_GPU_HLSL_6_3">
      <UniqueIdentifier>{d44f7dc7-4b0d-4b67-8822-94857adbac2e}</UniqueIdentifier>
    </Filter>
    <Filter Include="iii. IIr77GRAPHICS\12. Shader Language Enum\14. E_GPU_HLSL_6_4">
      <UniqueIdentifier>{c58f6a41-100d-4235-87b9-701aee14fe03}</UniqueIdentifier>
    </Filter>
    <Filter Include="iii. IIr77GRAPHICS\12. Shader Language Enum\15. E_GPU_HLSL_6_5">
      <UniqueIdentifier>{ced834ad-743e-4bb1-b56d-468ec6609bba}</UniqueIdentifier>
    </Filter>
    <Filter Include="iii. IIr77GRAPHICS\12. Shader Language Enum\16. E_GPU_HLSL_6_6">
      <UniqueIdentifier>{1df1ade6-1462-4aa0-bcfa-0d7cc5824b75}</UniqueIdentifier>
    </Filter>
    <Filter Include="iii. IIr77GRAPHICS\12. Shader Language Enum\17. E_GPU_HLSL_6_7">
      <UniqueIdentifier>{62a397ac-9c88-4e8f-bd0a-8a8c90011b8f}</UniqueIdentifier>
    </Filter>
    <Filter Include="iii. IIr77GRAPHICS\12. Shader Language Enum\18. E_GPU_GLSL_3_3">
      <UniqueIdentifier>{3b4f86cc-5d52-4615-a97d-54ac5666f966}</UniqueIdentifier>
    </Filter>
    <Filter Include="iii. IIr77GRAPHICS\12. Shader Language Enum\19. E_GPU_GLSL_4_0">
      <UniqueIdentifier>{3c98fc5b-8f55-47d9-a737-564755659c4d}</UniqueIdentifier>
    </Filter>
    <Filter Include="iii. IIr77GRAPHICS\12. Shader Language Enum\20. E_GPU_GLSL_4_1">
      <UniqueIdentifier>{005a7c50-dd5e-4789-96ed-6f4a473a7e01}</UniqueIdentifier>
    </Filter>
    <Filter Include="iii. IIr77GRAPHICS\12. Shader Language Enum\21. E_GPU_GLSL_4_2">
      <UniqueIdentifier>{40af614f-8def-48ef-87a0-a802db63fb2b}</UniqueIdentifier>
    </Filter>
    <Filter Include="iii. IIr77GRAPHICS\12. Shader Language Enum\22. E_GPU_GLSL_4_3">
      <UniqueIdentifier>{ca278c0b-8172-4c5f-bc77-1e96c76f0a0a}</UniqueIdentifier>
    </Filter>
    <Filter Include="iii. IIr77GRAPHICS\12. Shader Language Enum\23. E_GPU_GLSL_4_4">
      <UniqueIdentifier>{90dbc5d4-aa74-4e8b-8556-a1f5b3e6f7e1}</UniqueIdentifier>
    </Filter>
    <Filter Include="iii. IIr77GRAPHICS\12. Shader Language Enum\24. E_GPU_GLSL_4_5">
      <UniqueIdentifier>{12f46358-c420-42dd-898a-33a819c26c31}</UniqueIdentifier>
    </Filter>
    <Filter Include="iii. IIr77GRAPHICS\12. Shader Language Enum\25. E_GPU_GLSL_4_6">
      <UniqueIdentifier>{f43cdaed-1466-439b-a3ba-69a13587a2e7}</UniqueIdentifier>
    </Filter>
    <Filter Include="iii. IIr77GRAPHICS\12. Shader Language Enum\26. E_GPU_SPIR_V">
      <UniqueIdentifier>{4ce348fb-63b5-426f-b249-5ba80a5cbeb8}</UniqueIdentifier>
    </Filter>
    <Filter Include="iii. IIr77GRAPHICS\12. Shader Language Enum\0. E_GPU_SHADER_LANGUAGE">
      <UniqueIdentifier>{96f01210-f5ce-48bb-9f00-35a9aa7df330}</UniqueIdentifier>
    </Filter>
    <Filter Include="iii. IIr77GRAPHICS\13. Display Video Codec Enum">
      <UniqueIdentifier>{2174ac53-7919-4982-8e73-b879a2ee32ef}</UniqueIdentifier>
    </Filter>
    <Filter Include="iii. IIr77GRAPHICS\99. Ir77RETURN">
      <UniqueIdentifier>{753bdbd7-57f2-46df-a81b-2d81eee43577}</UniqueIdentifier>
    </Filter>
    <Filter Include="iii. IIr77GRAPHICS\00. Graphics Enumeration\0. EIr77GRAPHICS">
      <UniqueIdentifier>{8724968f-9c1e-4531-bb0b-333d317b8801}</UniqueIdentifier>
    </Filter>
    <Filter Include="iii. IIr77GRAPHICS\00. Graphics Enumeration\1. EIr77DEVICE">
      <UniqueIdentifier>{0ff2b3f2-4982-4e7a-a17b-fc62488f8239}</UniqueIdentifier>
    </Filter>
    <Filter Include="iii. IIr77GRAPHICS\01. Graphics\1. Ir77DEVICE">
      <UniqueIdentifier>{2876d3b8-20ff-43f3-9456-bfa81a7f88aa}</UniqueIdentifier>
    </Filter>
    <Filter Include="iii. IIr77GRAPHICS\02. DisplayBale Enumeration">
      <UniqueIdentifier>{4df55103-3b53-49b6-ab36-bb13177b7fb9}</UniqueIdentifier>
    </Filter>
    <Filter Include="iii. IIr77GRAPHICS\03. DisplayBale">
      <UniqueIdentifier>{51646e74-03bc-430b-b192-27b0cd682bd8}</UniqueIdentifier>
    </Filter>
    <Filter Include="iii. IIr77GRAPHICS\05. Display State">
      <UniqueIdentifier>{d49ead14-1a82-49aa-a394-20868d321c2d}</UniqueIdentifier>
    </Filter>
    <Filter Include="iii. IIr77GRAPHICS\05. Display State\1. GPU_PIPELINE_API">
      <UniqueIdentifier>{f01c3eea-25e1-489d-86e5-22da8f88a7b1}</UniqueIdentifier>
    </Filter>
    <Filter Include="iii. IIr77GRAPHICS\05. Display State\2. GPU_TIMEOUT">
      <UniqueIdentifier>{4dc5af4b-f6e5-4c24-9b63-86ef96ea8795}</UniqueIdentifier>
    </Filter>
    <Filter Include="iii. IIr77GRAPHICS\05. Display State\3. GPU_POLL_REFRESH">
      <UniqueIdentifier>{3678acbf-ce52-4df0-82ba-2663f51323e2}</UniqueIdentifier>
    </Filter>
    <Filter Include="iii. IIr77GRAPHICS\05. Display State\4. GPU_POLL_EVENT">
      <UniqueIdentifier>{641b2e47-740c-4db4-a1e0-76e3439498d0}</UniqueIdentifier>
    </Filter>
    <Filter Include="iii. IIr77GRAPHICS\05. Display State\5. GPU_POLL_DELTA">
      <UniqueIdentifier>{14d51904-d6db-4487-a9d4-79e1daae764e}</UniqueIdentifier>
    </Filter>
    <Filter Include="iii. IIr77GRAPHICS\05. Display State\6. GPU_DISPLAY_MODE">
      <UniqueIdentifier>{287fc2ed-adaa-4ef1-9081-46a96be54e98}</UniqueIdentifier>
    </Filter>
    <Filter Include="iii. IIr77GRAPHICS\05. Display State\7. GPU_REFRESH_RATE">
      <UniqueIdentifier>{56dd3530-88ab-4dc1-8988-475c50299f42}</UniqueIdentifier>
    </Filter>
    <Filter Include="iii. IIr77GRAPHICS\05. Display State\8. GPU_EXPOSURE">
      <UniqueIdentifier>{8e77c899-3a27-4614-b2b6-556b1c8a6e87}</UniqueIdentifier>
    </Filter>
    <Filter Include="iii. IIr77GRAPHICS\05. Display State\9. GPU_GAMMA">
      <UniqueIdentifier>{99aa7a07-a8a6-4f4e-b954-8e1445187483}</UniqueIdentifier>
    </Filter>
    <Filter Include="iii. IIr77GRAPHICS\05. Display State\10. GPU_CHROMA">
      <UniqueIdentifier>{03e8d475-e35a-4313-88e3-4e669702fab3}</UniqueIdentifier>
    </Filter>
    <Filter Include="iii. IIr77GRAPHICS\05. Display State\11. GPU_ANTI_ALIASING">
      <UniqueIdentifier>{2824a13a-c920-4698-9448-35c6787f74da}</UniqueIdentifier>
    </Filter>
    <Filter Include="iii. IIr77GRAPHICS\05. Display State\12. GPU_ANTI_ALIASING_X">
      <UniqueIdentifier>{00b2a367-fa12-415e-b2da-1fd86fade42c}</UniqueIdentifier>
    </Filter>
    <Filter Include="iii. IIr77GRAPHICS\05. Display State\13. GPU_ANTI_ALIASING_FXAA">
      <UniqueIdentifier>{fa6ef5e3-232a-42cb-8e78-dc6161381be0}</UniqueIdentifier>
    </Filter>
    <Filter Include="iii. IIr77GRAPHICS\05. Display State\14. GPU_FILTERING_MODE">
      <UniqueIdentifier>{bca2522d-cfb2-439a-8fc2-3e8eb4574edb}</UniqueIdentifier>
    </Filter>
    <Filter Include="iii. IIr77GRAPHICS\05. Display State\15. GPU_HDR">
      <UniqueIdentifier>{4e664774-4fba-46d6-abef-57b3a4035fd5}</UniqueIdentifier>
    </Filter>
    <Filter Include="iii. IIr77GRAPHICS\05. Display State\16. GPU_BLOOM">
      <UniqueIdentifier>{80888718-46c2-45ac-aa76-4e88eb71b053}</UniqueIdentifier>
    </Filter>
    <Filter Include="iii. IIr77GRAPHICS\05. Display State\17. GPU_AMBIENT_OCCLUSION">
      <UniqueIdentifier>{f9fdb90d-8527-4691-8951-3a5e2462e12c}</UniqueIdentifier>
    </Filter>
    <Filter Include="iii. IIr77GRAPHICS\05. Display State\18. GPU_CAUSTIC_LIGHTING">
      <UniqueIdentifier>{68fbdd52-1777-4958-b46d-6baac9bee992}</UniqueIdentifier>
    </Filter>
    <Filter Include="iii. IIr77GRAPHICS\05. Display State\19. GPU_VOLUMETRIC_LIGHTING">
      <UniqueIdentifier>{a7900c11-ffe6-45fb-a8b6-d1c889fa7b2d}</UniqueIdentifier>
    </Filter>
    <Filter Include="iii. IIr77GRAPHICS\05. Display State\20. GPU_REFLECTION_MAPPINHG">
      <UniqueIdentifier>{4965432d-912b-4a82-9877-0cfad9294b3f}</UniqueIdentifier>
    </Filter>
    <Filter Include="iii. IIr77GRAPHICS\05. Display State\21. GPU_RADIOSITY">
      <UniqueIdentifier>{4ab8c143-c9f1-4aa7-9e46-d05701b7cb1a}</UniqueIdentifier>
    </Filter>
    <Filter Include="iii. IIr77GRAPHICS\05. Display State\22. GPU_RAYTRACING">
      <UniqueIdentifier>{887be570-b867-442d-9ccc-5d6b540b4907}</UniqueIdentifier>
    </Filter>
    <Filter Include="iii. IIr77GRAPHICS\09. Display Mode Enum\0. E_GPU_DISPLAY_MODE">
      <UniqueIdentifier>{b9691646-8d0b-4030-8b2b-8408e234d5bd}</UniqueIdentifier>
    </Filter>
    <Filter Include="iii. IIr77GRAPHICS\09. Display Mode Enum\1. E_GPU_DISPLAY_SCALED">
      <UniqueIdentifier>{634f7899-eaee-406c-b54f-1e6c4ebaf02c}</UniqueIdentifier>
    </Filter>
    <Filter Include="iii. IIr77GRAPHICS\09. Display Mode Enum\2. E_GPU_DISPLAY_480P">
      <UniqueIdentifier>{05609d77-2495-4973-8cb9-36bd53f22d70}</UniqueIdentifier>
    </Filter>
    <Filter Include="iii. IIr77GRAPHICS\09. Display Mode Enum\3. E_GPU_DISPLAY_720P">
      <UniqueIdentifier>{3693e802-d8da-4f83-8bb9-3464eee3a358}</UniqueIdentifier>
    </Filter>
    <Filter Include="iii. IIr77GRAPHICS\09. Display Mode Enum\4. E_GPU_DISPLAY_1024P">
      <UniqueIdentifier>{6d7b0426-7695-4c12-80de-4ca7515abad4}</UniqueIdentifier>
    </Filter>
    <Filter Include="iii. IIr77GRAPHICS\09. Display Mode Enum\5. E_GPU_DISPLAY_1080P">
      <UniqueIdentifier>{b6a0c4d8-ca0a-45b5-9b15-4565d14d278c}</UniqueIdentifier>
    </Filter>
    <Filter Include="iii. IIr77GRAPHICS\09. Display Mode Enum\6. E_GPU_DISPLAY_1080P_3D">
      <UniqueIdentifier>{d830d718-c29c-4ffa-bb45-fc0e071d555f}</UniqueIdentifier>
    </Filter>
    <Filter Include="iii. IIr77GRAPHICS\09. Display Mode Enum\7. E_GPU_DISPLAY_1080P_FULL3D">
      <UniqueIdentifier>{ada49fe9-f13d-4b98-9964-e1534fd6b15e}</UniqueIdentifier>
    </Filter>
    <Filter Include="iii. IIr77GRAPHICS\09. Display Mode Enum\8. E_GPU_DISPLAY_1200P">
      <UniqueIdentifier>{5181c57c-ef01-468a-9b81-1b24a5ecff31}</UniqueIdentifier>
    </Filter>
    <Filter Include="iii. IIr77GRAPHICS\09. Display Mode Enum\9. E_GPU_DISPLAY_1440P">
      <UniqueIdentifier>{9e602317-e093-4dfc-95c4-8c80f219a782}</UniqueIdentifier>
    </Filter>
    <Filter Include="iii. IIr77GRAPHICS\09. Display Mode Enum\10. E_GPU_DISPLAY_1600P">
      <UniqueIdentifier>{d28e5872-d273-4e86-b09a-f42fb547240f}</UniqueIdentifier>
    </Filter>
    <Filter Include="iii. IIr77GRAPHICS\09. Display Mode Enum\11. E_GPU_DISPLAY_2160P">
      <UniqueIdentifier>{e4feac24-73b9-4c6c-891b-1edc5c260e1c}</UniqueIdentifier>
    </Filter>
    <Filter Include="iii. IIr77GRAPHICS\09. Display Mode Enum\12. E_GPU_DISPLAY_2160P_3D">
      <UniqueIdentifier>{6d50f67d-16de-4530-806b-589976543ca9}</UniqueIdentifier>
    </Filter>
    <Filter Include="iii. IIr77GRAPHICS\09. Display Mode Enum\13. E_GPU_DISPLAY_2160P_FULL3D">
      <UniqueIdentifier>{5d1d55e3-3e88-4d94-aaca-5269207ff34d}</UniqueIdentifier>
    </Filter>
    <Filter Include="iii. IIr77GRAPHICS\09. Display Mode Enum\14. E_GPU_DISPLAY_2540P">
      <UniqueIdentifier>{f09f36e7-4429-432c-baad-0e9cd9bd7ce1}</UniqueIdentifier>
    </Filter>
    <Filter Include="iii. IIr77GRAPHICS\09. Display Mode Enum\15. E_GPU_DISPLAY_4000P">
      <UniqueIdentifier>{d8afe8b1-a1a1-493d-9271-bb6d95a3998d}</UniqueIdentifier>
    </Filter>
    <Filter Include="iii. IIr77GRAPHICS\09. Display Mode Enum\16. E_GPU_DISPLAY_4320P">
      <UniqueIdentifier>{baddade6-a86e-47ae-bdf6-221fa56554b8}</UniqueIdentifier>
    </Filter>
    <Filter Include="iii. IIr77GRAPHICS\09. Display Mode Enum\17. E_GPU_DISPLAY_VR">
      <UniqueIdentifier>{17adf6dc-f93a-429e-a2be-04157b3ef820}</UniqueIdentifier>
    </Filter>
    <Filter Include="iii. IIr77GRAPHICS\08. Feature Level Enum\0. E_GPU_FEATURE_LV">
      <UniqueIdentifier>{f0d542e6-bcc8-4ade-8906-1bab9415e25c}</UniqueIdentifier>
    </Filter>
    <Filter Include="iii. IIr77GRAPHICS\08. Feature Level Enum\1. E_GPU_DIRECTX_9_C">
      <UniqueIdentifier>{7bcb06ac-fcc7-4956-9287-3b44d8a49fcd}</UniqueIdentifier>
    </Filter>
    <Filter Include="iii. IIr77GRAPHICS\08. Feature Level Enum\2. E_GPU_DIRECTX_10_1">
      <UniqueIdentifier>{cabc94bf-8839-40da-86c7-583821d15632}</UniqueIdentifier>
    </Filter>
    <Filter Include="iii. IIr77GRAPHICS\08. Feature Level Enum\3. E_GPU_DIRECTX_11_0">
      <UniqueIdentifier>{dc403686-2546-4280-b3bf-a49919174fb4}</UniqueIdentifier>
    </Filter>
    <Filter Include="iii. IIr77GRAPHICS\08. Feature Level Enum\4. E_GPU_DIRECTX_11_1">
      <UniqueIdentifier>{f16b7c6a-9634-41e6-84d5-bfe0459faae8}</UniqueIdentifier>
    </Filter>
    <Filter Include="iii. IIr77GRAPHICS\08. Feature Level Enum\5. E_GPU_DIRECTX_11_2">
      <UniqueIdentifier>{3de53a2c-c575-464a-8e84-71d3cc985af5}</UniqueIdentifier>
    </Filter>
    <Filter Include="iii. IIr77GRAPHICS\08. Feature Level Enum\6. E_GPU_DIRECTX_11_X">
      <UniqueIdentifier>{8d019294-b933-42c8-847d-5c1231856205}</UniqueIdentifier>
    </Filter>
    <Filter Include="iii. IIr77GRAPHICS\08. Feature Level Enum\7. E_GPU_DIRECTX_11_3">
      <UniqueIdentifier>{3608df1f-f52d-432f-b5dc-e2b94e6fae27}</UniqueIdentifier>
    </Filter>
    <Filter Include="iii. IIr77GRAPHICS\08. Feature Level Enum\8. E_GPU_DIRECTX_12_U">
      <UniqueIdentifier>{e8a8b4fe-0f75-4858-bcea-b210159f9a14}</UniqueIdentifier>
    </Filter>
    <Filter Include="iii. IIr77GRAPHICS\08. Feature Level Enum\9. E_GPU_OPENGL_3_0">
      <UniqueIdentifier>{5976f40d-eeff-4e98-acc5-584d8acc1874}</UniqueIdentifier>
    </Filter>
    <Filter Include="iii. IIr77GRAPHICS\08. Feature Level Enum\10. E_GPU_OPENGL_3_1">
      <UniqueIdentifier>{f5303c7a-2eb1-4cf5-96cb-d948930484c2}</UniqueIdentifier>
    </Filter>
    <Filter Include="iii. IIr77GRAPHICS\08. Feature Level Enum\11. E_GPU_OPENGL_3_2">
      <UniqueIdentifier>{854c402b-6574-4b13-bb00-a95ff084f801}</UniqueIdentifier>
    </Filter>
    <Filter Include="iii. IIr77GRAPHICS\08. Feature Level Enum\12. E_GPU_OPENGL_3_3">
      <UniqueIdentifier>{f49a9dd4-dae9-41dc-829a-912aa377404f}</UniqueIdentifier>
    </Filter>
    <Filter Include="iii. IIr77GRAPHICS\08. Feature Level Enum\13. E_GPU_OPENGL_4_0">
      <UniqueIdentifier>{694d7055-82bb-45d6-a4ad-63dbf4cfa740}</UniqueIdentifier>
    </Filter>
    <Filter Include="iii. IIr77GRAPHICS\08. Feature Level Enum\14. E_GPU_OPENGL_4_1">
      <UniqueIdentifier>{d1b6e36a-70c4-4e73-a32e-97d89145331a}</UniqueIdentifier>
    </Filter>
    <Filter Include="iii. IIr77GRAPHICS\08. Feature Level Enum\15. E_GPU_OPENGL_4_2">
      <UniqueIdentifier>{3a6f937d-9858-4f1c-95d7-372162e020c8}</UniqueIdentifier>
    </Filter>
    <Filter Include="iii. IIr77GRAPHICS\08. Feature Level Enum\16. E_GPU_OPENGL_4_3">
      <UniqueIdentifier>{83fef6ae-599e-43ce-a990-0fd9123441da}</UniqueIdentifier>
    </Filter>
    <Filter Include="iii. IIr77GRAPHICS\08. Feature Level Enum\17. E_GPU_OPENGL_4_4">
      <UniqueIdentifier>{8c1420cc-842d-4efd-aaf9-386974bc9377}</UniqueIdentifier>
    </Filter>
    <Filter Include="iii. IIr77GRAPHICS\08. Feature Level Enum\18. E_GPU_OPENGL_4_5">
      <UniqueIdentifier>{f61ab8b6-4604-4567-87a0-b7d342779ade}</UniqueIdentifier>
    </Filter>
    <Filter Include="iii. IIr77GRAPHICS\08. Feature Level Enum\19. E_GPU_OPENGL_4_6">
      <UniqueIdentifier>{e0bde0f4-cb4e-4053-a7c3-da60986e5faf}</UniqueIdentifier>
    </Filter>
    <Filter Include="iii. IIr77GRAPHICS\08. Feature Level Enum\20. E_GPU_VULKAN_1_3">
      <UniqueIdentifier>{a3bb6269-5e18-4619-baf8-34152d2247f6}</UniqueIdentifier>
    </Filter>
    <Filter Include="iii. IIr77GRAPHICS\10. Anti Aliasing Mode Enum\0. E_GPU_ANTI_ALIASING_MODE">
      <UniqueIdentifier>{4ff32ee8-3809-4660-9829-647306747959}</UniqueIdentifier>
    </Filter>
    <Filter Include="iii. IIr77GRAPHICS\10. Anti Aliasing Mode Enum\1. E_GPU_SUPER_SAMPLING">
      <UniqueIdentifier>{cf9153d0-ae14-4371-8bcc-d8f92c19fdd7}</UniqueIdentifier>
    </Filter>
    <Filter Include="iii. IIr77GRAPHICS\10. Anti Aliasing Mode Enum\2. E_GPU_MULTI_SAMPLING">
      <UniqueIdentifier>{ac7450b9-5f68-428b-bf19-aeaadbff835c}</UniqueIdentifier>
    </Filter>
    <Filter Include="iii. IIr77GRAPHICS\10. Anti Aliasing Mode Enum\3. E_GPU_TEMPORAL_AA">
      <UniqueIdentifier>{de42241a-8b94-421e-a87b-88f4efd099bc}</UniqueIdentifier>
    </Filter>
    <Filter Include="iii. IIr77GRAPHICS\10. Anti Aliasing Mode Enum\4. E_GPU_SUBPIXEL_MORPHO">
      <UniqueIdentifier>{6c782097-b45c-45c6-bb84-5aee810c470c}</UniqueIdentifier>
    </Filter>
    <Filter Include="iii. IIr77GRAPHICS\11. Filtering Mode Enum\0. E_GPU_FILTERING_MODE">
      <UniqueIdentifier>{b768af1b-46cf-4e16-b5b8-228106ba2c34}</UniqueIdentifier>
    </Filter>
    <Filter Include="iii. IIr77GRAPHICS\11. Filtering Mode Enum\1. E_GPU_BILINEAR_FILTERING">
      <UniqueIdentifier>{0f2be224-da22-4aa6-b584-3406afb35c2b}</UniqueIdentifier>
    </Filter>
    <Filter Include="iii. IIr77GRAPHICS\11. Filtering Mode Enum\2. E_GPU_TRILINEAR_FILTERING">
      <UniqueIdentifier>{9d5f11b8-c0f8-40fe-a866-dd2dfeadb894}</UniqueIdentifier>
    </Filter>
    <Filter Include="iii. IIr77GRAPHICS\11. Filtering Mode Enum\3. E_GPU_ANISOTROPIC_2_1">
      <UniqueIdentifier>{dd8abca8-bcd8-424a-ae37-c2a2162b1c83}</UniqueIdentifier>
    </Filter>
    <Filter Include="iii. IIr77GRAPHICS\11. Filtering Mode Enum\4. E_GPU_ANISOTROPIC_4_1">
      <UniqueIdentifier>{2da6a5a4-c2d1-4c06-813f-6f760779b129}</UniqueIdentifier>
    </Filter>
    <Filter Include="iii. IIr77GRAPHICS\11. Filtering Mode Enum\5. E_GPU_ANISOTROPIC_8_1">
      <UniqueIdentifier>{9cc5555c-5fb5-475d-a20f-93f40d8b375e}</UniqueIdentifier>
    </Filter>
    <Filter Include="iii. IIr77GRAPHICS\11. Filtering Mode Enum\6. E_GPU_ANISOTROPIC_16_1">
      <UniqueIdentifier>{d85d8987-c1c9-4f43-bc26-bfaeeded6c88}</UniqueIdentifier>
    </Filter>
    <Filter Include="iii. IIr77GRAPHICS\99. Ir77RETURN\00. GPU_ERROR">
      <UniqueIdentifier>{cb721b68-7ce6-4fb0-a587-f77bcb7b65fd}</UniqueIdentifier>
    </Filter>
    <Filter Include="iii. IIr77GRAPHICS\13. Display Video Codec Enum\00. E_GPU_VIDEO_CODEC">
      <UniqueIdentifier>{84131d68-2cc6-42af-93f3-f83585e089e5}</UniqueIdentifier>
    </Filter>
    <Filter Include="iii. IIr77GRAPHICS\04. Display Operations">
      <UniqueIdentifier>{3d76717d-ed60-4fcf-a62c-c0c3d1307831}</UniqueIdentifier>
    </Filter>
    <Filter Include="iii. IIr77GRAPHICS\04. Display Operations\2. GPU_SEAT">
      <UniqueIdentifier>{ebd9c336-05e4-4ff4-8461-249ef26f28b9}</UniqueIdentifier>
    </Filter>
    <Filter Include="iii. IIr77GRAPHICS\04. Display Operations\3. GPU_CONNECT">
      <UniqueIdentifier>{dc11ea73-9133-402a-ad0d-02addf0decef}</UniqueIdentifier>
    </Filter>
    <Filter Include="iii. IIr77GRAPHICS\04. Display Operations\4. GPU_DISCONNECT">
      <UniqueIdentifier>{385ceb80-9be2-4639-9746-55dd52f98b72}</UniqueIdentifier>
    </Filter>
    <Filter Include="iii. IIr77GRAPHICS\04. Display Operations\5. GPU_REFRESH">
      <UniqueIdentifier>{de700fee-3221-4650-a863-e7316815efcb}</UniqueIdentifier>
    </Filter>
    <Filter Include="iii. IIr77GRAPHICS\04. Display Operations\6. GPU_RESEAT">
      <UniqueIdentifier>{ef103a6c-5223-4a52-9dc5-b10c2a8169cf}</UniqueIdentifier>
    </Filter>
    <Filter Include="iii. IIr77GRAPHICS\04. Display Operations\7. GPU_RESET">
      <UniqueIdentifier>{b22129f0-2f63-4dfd-a9d4-7162e59981a4}</UniqueIdentifier>
    </Filter>
    <Filter Include="iii. IIr77GRAPHICS\04. Display Operations\8. GPU_START">
      <UniqueIdentifier>{b6327d0b-b885-4b5d-82a1-67f49d31ba1a}</UniqueIdentifier>
    </Filter>
    <Filter Include="iii. IIr77GRAPHICS\04. Display Operations\10. GPU_TERMINATE">
      <UniqueIdentifier>{7e8eb90a-c553-46fe-9acb-2e0e0a624410}</UniqueIdentifier>
    </Filter>
    <Filter Include="iii. IIr77GRAPHICS\04. Display Operations\0. GPU_SET_STATE">
      <UniqueIdentifier>{a66672a7-0c5c-484a-8f48-0c867db0fa20}</UniqueIdentifier>
    </Filter>
    <Filter Include="iii. IIr77GRAPHICS\04. Display Operations\1. GPU_GET_STATE">
      <UniqueIdentifier>{2a3ffa5c-a5ed-49df-b824-2e2437769cf4}</UniqueIdentifier>
    </Filter>
    <Filter Include="iii. IIr77GRAPHICS\05. Display State\23. GPU_LEVEL_OF_DETAI">
      <UniqueIdentifier>{1376e7fe-8db6-4ba4-b37b-44a6069789d7}</UniqueIdentifier>
    </Filter>
    <Filter Include="iii. IIr77GRAPHICS\05. Display State\24. GPU_SHADER_LANGUAGE">
      <UniqueIdentifier>{b4fc2fb3-6008-414f-9ad9-606995faec36}</UniqueIdentifier>
    </Filter>
    <Filter Include="iii. IIr77GRAPHICS\05. Display State\25. GPU_TESELATION">
      <UniqueIdentifier>{45150c6f-d7bb-45f4-8ff4-66f3e1cc743c}</UniqueIdentifier>
    </Filter>
    <Filter Include="iii. IIr77GRAPHICS\05. Display State\26. GPU_VIDEO_CODEC">
      <UniqueIdentifier>{b46c65ec-976c-493c-a0e9-bd19e21fc26e}</UniqueIdentifier>
    </Filter>
    <Filter Include="iii. IIr77GRAPHICS\04. Display Operations\9. GPU_STOP">
      <UniqueIdentifier>{7244478a-b5c4-48be-879d-ffc4ee4269a2}</UniqueIdentifier>
    </Filter>
    <Filter Include="iv. ms-appx:///resource">
      <UniqueIdentifier>{9f30888e-ae40-4313-b5f8-b0ff2478e9f1}</UniqueIdentifier>
    </Filter>
    <Filter Include="iv. ms-appx:///resource\00. LoadGfxPipelineFromString">
      <UniqueIdentifier>{01252eba-e620-4d54-9630-c97994bc09fe}</UniqueIdentifier>
    </Filter>
    <Filter Include="iii. IIr77GRAPHICS\03. DisplayBale\01. Ir77GPUSTATE">
      <UniqueIdentifier>{edc50bb7-339e-4a62-85f5-c69c5b2b47b4}</UniqueIdentifier>
    </Filter>
    <Filter Include="iii. IIr77GRAPHICS\02. DisplayBale Enumeration\01. EIr77GPUSTATE">
      <UniqueIdentifier>{6dcf7f1e-be90-4326-b0e5-1c09134e8a05}</UniqueIdentifier>
    </Filter>
    <Filter Include="iii. IIr77GRAPHICS\02. DisplayBale Enumeration\02. EIr77EGPUSEAT">
      <UniqueIdentifier>{3da32556-711c-4fba-8314-a65842b337a0}</UniqueIdentifier>
    </Filter>
    <Filter Include="iii. IIr77GRAPHICS\03. DisplayBale\02. Ir77EGPUSEAT">
      <UniqueIdentifier>{5034bd4d-2102-4f66-b3a6-05a3245288c1}</UniqueIdentifier>
    </Filter>
    <Filter Include="iii. IIr77GRAPHICS\02. DisplayBale Enumeration\00. EIr77GPUBALE">
      <UniqueIdentifier>{9ac22bca-43cd-4bcc-ae6d-bb6daaf46419}</UniqueIdentifier>
    </Filter>
  </ItemGroup>
  <ItemGroup>
    <ClCompile Include="$(GeneratedFilesDir)module.g.cpp">
      <Filter>i. Ir77PROJECT</Filter>
    </ClCompile>
    <ClCompile Include="pch.cpp">
      <Filter>i. Ir77PROJECT</Filter>
    </ClCompile>
    <ClCompile Include="ID_GPU_FEATURE_LVL.cpp">
      <Filter>iii. IIr77GRAPHICS\08. Feature Level Enum</Filter>
    </ClCompile>
    <ClCompile Include="ID_GPU_DISPLAY_MODE.cpp">
      <Filter>iii. IIr77GRAPHICS\09. Display Mode Enum</Filter>
    </ClCompile>
    <ClCompile Include="ID_GPU_ANTI_ALIASING_MODE.cpp">
      <Filter>iii. IIr77GRAPHICS\10. Anti Aliasing Mode Enum</Filter>
    </ClCompile>
    <ClCompile Include="ID_GPU_FILTERING_MODE.cpp">
      <Filter>iii. IIr77GRAPHICS\11. Filtering Mode Enum</Filter>
    </ClCompile>
    <ClCompile Include="ID_GPU_SHADER_LANGUAGE.cpp">
      <Filter>iii. IIr77GRAPHICS\12. Shader Language Enum</Filter>
    </ClCompile>
    <ClCompile Include="ID_GPU_VIDEO_CODEC.cpp">
      <Filter>iii. IIr77GRAPHICS\13. Display Video Codec Enum</Filter>
    </ClCompile>
    <ClCompile Include="E_GPU_FEATURE_LVL.cpp">
      <Filter>iii. IIr77GRAPHICS\08. Feature Level Enum\0. E_GPU_FEATURE_LVL</Filter>
    </ClCompile>
    <ClCompile Include="E_GPU_DIRECTX_9_C.cpp">
      <Filter>iii. IIr77GRAPHICS\08. Feature Level Enum\1. E_GPU_DIRECTX_9_C</Filter>
    </ClCompile>
    <ClCompile Include="E_GPU_DIRECTX_10_1.cpp">
      <Filter>iii. IIr77GRAPHICS\08. Feature Level Enum\2. E_GPU_DIRECTX_10_1</Filter>
    </ClCompile>
    <ClCompile Include="E_GPU_DIRECTX_11_0.cpp">
      <Filter>iii. IIr77GRAPHICS\08. Feature Level Enum\3. E_GPU_DIRECTX_11_0</Filter>
    </ClCompile>
    <ClCompile Include="E_GPU_DIRECTX_11_1.cpp">
      <Filter>iii. IIr77GRAPHICS\08. Feature Level Enum\4. E_GPU_DIRECTX_11_1</Filter>
    </ClCompile>
    <ClCompile Include="E_GPU_DIRECTX_11_2.cpp">
      <Filter>iii. IIr77GRAPHICS\08. Feature Level Enum\5. E_GPU_DIRECTX_11_2</Filter>
    </ClCompile>
    <ClCompile Include="E_GPU_DIRECTX_11_X.cpp">
      <Filter>iii. IIr77GRAPHICS\08. Feature Level Enum\6. E_GPU_DIRECTX_11_X</Filter>
    </ClCompile>
    <ClCompile Include="E_GPU_DIRECTX_11_3.cpp">
      <Filter>iii. IIr77GRAPHICS\08. Feature Level Enum\7. E_GPU_DIRECTX_11_3</Filter>
    </ClCompile>
    <ClCompile Include="E_GPU_DIRECTX_12_U.cpp">
      <Filter>iii. IIr77GRAPHICS\08. Feature Level Enum\8. E_GPU_DIRECTX_12_U</Filter>
    </ClCompile>
    <ClCompile Include="E_GPU_OPENGL_3_0.cpp">
      <Filter>iii. IIr77GRAPHICS\08. Feature Level Enum\9. E_GPU_OPENGL_3_0</Filter>
    </ClCompile>
    <ClCompile Include="E_GPU_OPENGL_3_1.cpp">
      <Filter>iii. IIr77GRAPHICS\08. Feature Level Enum\10. E_GPU_OPENGL_3_1</Filter>
    </ClCompile>
    <ClCompile Include="E_GPU_OPENGL_3_2.cpp">
      <Filter>iii. IIr77GRAPHICS\08. Feature Level Enum\11. E_GPU_OPENGL_3_2</Filter>
    </ClCompile>
    <ClCompile Include="E_GPU_OPENGL_3_3.cpp">
      <Filter>iii. IIr77GRAPHICS\08. Feature Level Enum\12. E_GPU_OPENGL_3_3</Filter>
    </ClCompile>
    <ClCompile Include="E_GPU_OPENGL_4_0.cpp">
      <Filter>iii. IIr77GRAPHICS\08. Feature Level Enum\13. E_GPU_OPENGL_4_0</Filter>
    </ClCompile>
    <ClCompile Include="E_GPU_OPENGL_4_1.cpp">
      <Filter>iii. IIr77GRAPHICS\08. Feature Level Enum\14. E_GPU_OPENGL_4_1</Filter>
    </ClCompile>
    <ClCompile Include="E_GPU_OPENGL_4_2.cpp">
      <Filter>iii. IIr77GRAPHICS\08. Feature Level Enum\15. E_GPU_OPENGL_4_2</Filter>
    </ClCompile>
    <ClCompile Include="E_GPU_OPENGL_4_3.cpp">
      <Filter>iii. IIr77GRAPHICS\08. Feature Level Enum\16. E_GPU_OPENGL_4_3</Filter>
    </ClCompile>
    <ClCompile Include="E_GPU_OPENGL_4_4.cpp">
      <Filter>iii. IIr77GRAPHICS\08. Feature Level Enum\17. E_GPU_OPENGL_4_4</Filter>
    </ClCompile>
    <ClCompile Include="E_GPU_OPENGL_4_5.cpp">
      <Filter>iii. IIr77GRAPHICS\08. Feature Level Enum\18. E_GPU_OPENGL_4_5</Filter>
    </ClCompile>
    <ClCompile Include="E_GPU_OPENGL_4_6.cpp">
      <Filter>iii. IIr77GRAPHICS\08. Feature Level Enum\19. E_GPU_OPENGL_4_6</Filter>
    </ClCompile>
    <ClCompile Include="E_GPU_VULKAN_1_3.cpp">
      <Filter>iii. IIr77GRAPHICS\08. Feature Level Enum\20. E_GPU_VULKAN_1_3</Filter>
    </ClCompile>
    <ClCompile Include="E_GPU_DISPLAY_1200P.cpp">
      <Filter>iii. IIr77GRAPHICS\09. Display Mode Enum\8. E_GPU_DISPLAY_1200P</Filter>
    </ClCompile>
    <ClCompile Include="E_GPU_DISPLAY_1080P_FULL3D.cpp">
      <Filter>iii. IIr77GRAPHICS\09. Display Mode Enum\7. E_GPU_DISPLAY_1080P_FULL3D</Filter>
    </ClCompile>
    <ClCompile Include="E_GPU_DISPLAY_1080P_3D.cpp">
      <Filter>iii. IIr77GRAPHICS\09. Display Mode Enum\6. E_GPU_DISPLAY_1080P_3D</Filter>
    </ClCompile>
    <ClCompile Include="E_GPU_DISPLAY_1080P.cpp">
      <Filter>iii. IIr77GRAPHICS\09. Display Mode Enum\5. E_GPU_DISPLAY_1080P</Filter>
    </ClCompile>
    <ClCompile Include="E_GPU_DISPLAY_1024P.cpp">
      <Filter>iii. IIr77GRAPHICS\09. Display Mode Enum\4. E_GPU_DISPLAY_1024P</Filter>
    </ClCompile>
    <ClCompile Include="E_GPU_DISPLAY_720P.cpp">
      <Filter>iii. IIr77GRAPHICS\09. Display Mode Enum\3. E_GPU_DISPLAY_720P</Filter>
    </ClCompile>
    <ClCompile Include="E_GPU_DISPLAY_480P.cpp">
      <Filter>iii. IIr77GRAPHICS\09. Display Mode Enum\2. E_GPU_DISPLAY_480P</Filter>
    </ClCompile>
    <ClCompile Include="E_GPU_DISPLAY_SCALED.cpp">
      <Filter>iii. IIr77GRAPHICS\09. Display Mode Enum\1. E_GPU_DISPLAY_SCALED</Filter>
    </ClCompile>
    <ClCompile Include="E_GPU_DISPLAY_MODE.cpp">
      <Filter>iii. IIr77GRAPHICS\09. Display Mode Enum\0. E_GPU_DISPLAY_MODE</Filter>
    </ClCompile>
    <ClCompile Include="E_GPU_DISPLAY_1440P.cpp">
      <Filter>iii. IIr77GRAPHICS\09. Display Mode Enum\9. E_GPU_DISPLAY_1440P</Filter>
    </ClCompile>
    <ClCompile Include="E_GPU_DISPLAY_1600P.cpp">
      <Filter>iii. IIr77GRAPHICS\09. Display Mode Enum\10. E_GPU_DISPLAY_1600P</Filter>
    </ClCompile>
    <ClCompile Include="E_GPU_DISPLAY_2160P.cpp">
      <Filter>iii. IIr77GRAPHICS\09. Display Mode Enum\11. E_GPU_DISPLAY_2160P</Filter>
    </ClCompile>
    <ClCompile Include="E_GPU_DISPLAY_2160P_3D.cpp">
      <Filter>iii. IIr77GRAPHICS\09. Display Mode Enum\12. E_GPU_DISPLAY_2160P_3D</Filter>
    </ClCompile>
    <ClCompile Include="E_GPU_DISPLAY_2160P_FULL3D.cpp">
      <Filter>iii. IIr77GRAPHICS\09. Display Mode Enum\13. E_GPU_DISPLAY_2160P_FULL3D</Filter>
    </ClCompile>
    <ClCompile Include="E_GPU_DISPLAY_2540P.cpp">
      <Filter>iii. IIr77GRAPHICS\09. Display Mode Enum\14. E_GPU_DISPLAY_2540P</Filter>
    </ClCompile>
    <ClCompile Include="E_GPU_DISPLAY_4000P.cpp">
      <Filter>iii. IIr77GRAPHICS\09. Display Mode Enum\15. E_GPU_DISPLAY_4000P</Filter>
    </ClCompile>
    <ClCompile Include="E_GPU_DISPLAY_4320P.cpp">
      <Filter>iii. IIr77GRAPHICS\09. Display Mode Enum\16. E_GPU_DISPLAY_4320P</Filter>
    </ClCompile>
    <ClCompile Include="E_GPU_DISPLAY_VR.cpp">
      <Filter>iii. IIr77GRAPHICS\09. Display Mode Enum\17. E_GPU_DISPLAY_VR</Filter>
    </ClCompile>
    <ClCompile Include="E_GPU_ANTI_ALIASING_MODE.cpp">
      <Filter>iii. IIr77GRAPHICS\10. Anti Aliasing Mode Enum\0. E_GPU_ANTI_ALIASING_MODE</Filter>
    </ClCompile>
    <ClCompile Include="E_GPU_SUPER_SAMPLING.cpp">
      <Filter>iii. IIr77GRAPHICS\10. Anti Aliasing Mode Enum\1. E_GPU_SUPER_SAMPLING</Filter>
    </ClCompile>
    <ClCompile Include="E_GPU_MULTI_SAMPLING.cpp">
      <Filter>iii. IIr77GRAPHICS\10. Anti Aliasing Mode Enum\2. E_GPU_MULTI_SAMPLING</Filter>
    </ClCompile>
    <ClCompile Include="E_GPU_TEMPORAL_AA.cpp">
      <Filter>iii. IIr77GRAPHICS\10. Anti Aliasing Mode Enum\3. E_GPU_TEMPORAL_AA</Filter>
    </ClCompile>
    <ClCompile Include="E_GPU_SUBPIXEL_MORPHO.cpp">
      <Filter>iii. IIr77GRAPHICS\10. Anti Aliasing Mode Enum\4. E_GPU_SUBPIXEL_MORPHO</Filter>
    </ClCompile>
    <ClCompile Include="E_GPU_FILTERING_MODE.cpp">
      <Filter>iii. IIr77GRAPHICS\11. Filtering Mode Enum\0. E_GPU_FILTERING_MODE</Filter>
    </ClCompile>
    <ClCompile Include="E_GPU_BILINEAR_FILTERING.cpp">
      <Filter>iii. IIr77GRAPHICS\11. Filtering Mode Enum\1. E_GPU_BILINEAR_FILTERING</Filter>
    </ClCompile>
    <ClCompile Include="E_GPU_TRILINEAR_FILTERING.cpp">
      <Filter>iii. IIr77GRAPHICS\11. Filtering Mode Enum\2. E_GPU_TRILINEAR_FILTERING</Filter>
    </ClCompile>
    <ClCompile Include="E_GPU_ANISOTROPIC_2_1.cpp">
      <Filter>iii. IIr77GRAPHICS\11. Filtering Mode Enum\3. E_GPU_ANISOTROPIC_2_1</Filter>
    </ClCompile>
    <ClCompile Include="E_GPU_ANISOTROPIC_4_1.cpp">
      <Filter>iii. IIr77GRAPHICS\11. Filtering Mode Enum\4. E_GPU_ANISOTROPIC_4_1</Filter>
    </ClCompile>
    <ClCompile Include="E_GPU_ANISOTROPIC_8_1.cpp">
      <Filter>iii. IIr77GRAPHICS\11. Filtering Mode Enum\5. E_GPU_ANISOTROPIC_8_1</Filter>
    </ClCompile>
    <ClCompile Include="E_GPU_ANISOTROPIC_16_1.cpp">
      <Filter>iii. IIr77GRAPHICS\11. Filtering Mode Enum\6. E_GPU_ANISOTROPIC_16_1</Filter>
    </ClCompile>
    <ClCompile Include="EIr77DEVICE.cpp">
      <Filter>iii. IIr77GRAPHICS\00. Graphics Enumeration\1. EIr77DEVICE</Filter>
    </ClCompile>
    <ClCompile Include="ID_GPU_OPERATION.cpp">
      <Filter>iii. IIr77GRAPHICS\04. Display Operations</Filter>
    </ClCompile>
    <ClCompile Include="IDIr77GRAPHICS.cpp">
      <Filter>iii. IIr77GRAPHICS\00. Graphics Enumeration</Filter>
    </ClCompile>
    <ClCompile Include="EIr77GRAPHICS.cpp">
      <Filter>iii. IIr77GRAPHICS\00. Graphics Enumeration\0. EIr77GRAPHICS</Filter>
    </ClCompile>
    <ClCompile Include="ID_GPU_STATE.cpp">
      <Filter>iii. IIr77GRAPHICS\05. Display State</Filter>
    </ClCompile>
    <ClCompile Include="IDIr77GPUBALE.cpp">
      <Filter>iii. IIr77GRAPHICS\02. DisplayBale Enumeration</Filter>
    </ClCompile>
    <ClCompile Include="EIr77GPUBALE.cpp">
      <Filter>iii. IIr77GRAPHICS\02. DisplayBale Enumeration\00. EIr77GPUBALE</Filter>
    </ClCompile>
    <ClCompile Include="EIr77GPUSTATE.cpp">
      <Filter>iii. IIr77GRAPHICS\02. DisplayBale Enumeration\01. EIr77GPUSTATE</Filter>
    </ClCompile>
    <ClCompile Include="Ir77GPUSTATE.cpp">
      <Filter>iii. IIr77GRAPHICS\03. DisplayBale\01. Ir77GPUSTATE</Filter>
    </ClCompile>
    <ClCompile Include="GPU_PIPELINE_API.cpp">
      <Filter>iii. IIr77GRAPHICS\05. Display State\1. GPU_PIPELINE_API</Filter>
    </ClCompile>
    <ClCompile Include="GPU_TIMEOUT.cpp">
      <Filter>iii. IIr77GRAPHICS\05. Display State\2. GPU_TIMEOUT</Filter>
    </ClCompile>
    <ClCompile Include="GPU_POLL_REFRESH.cpp">
      <Filter>iii. IIr77GRAPHICS\05. Display State\3. GPU_POLL_REFRESH</Filter>
    </ClCompile>
    <ClCompile Include="GPU_POLL_EVENT.cpp">
      <Filter>iii. IIr77GRAPHICS\05. Display State\4. GPU_POLL_EVENT</Filter>
    </ClCompile>
    <ClCompile Include="GPU_POLL_DELTA.cpp">
      <Filter>iii. IIr77GRAPHICS\05. Display State\5. GPU_POLL_DELTA</Filter>
    </ClCompile>
    <ClCompile Include="GPU_DISPLAY_MODE.cpp">
      <Filter>iii. IIr77GRAPHICS\05. Display State\6. GPU_DISPLAY_MODE</Filter>
    </ClCompile>
    <ClCompile Include="GPU_REFRESH_RATE.cpp">
      <Filter>iii. IIr77GRAPHICS\05. Display State\7. GPU_REFRESH_RATE</Filter>
    </ClCompile>
    <ClCompile Include="GPU_EXPOSURE.cpp">
      <Filter>iii. IIr77GRAPHICS\05. Display State\8. GPU_EXPOSURE</Filter>
    </ClCompile>
    <ClCompile Include="GPU_GAMMA.cpp">
      <Filter>iii. IIr77GRAPHICS\05. Display State\9. GPU_GAMMA</Filter>
    </ClCompile>
    <ClCompile Include="GPU_CHROMA.cpp">
      <Filter>iii. IIr77GRAPHICS\05. Display State\10. GPU_CHROMA</Filter>
    </ClCompile>
    <ClCompile Include="GPU_ANTI_ALIASING.cpp">
      <Filter>iii. IIr77GRAPHICS\05. Display State\11. GPU_ANTI_ALIASING</Filter>
    </ClCompile>
    <ClCompile Include="GPU_ANTI_ALIASING_X.cpp">
      <Filter>iii. IIr77GRAPHICS\05. Display State\12. GPU_ANTI_ALIASING_X</Filter>
    </ClCompile>
    <ClCompile Include="GPU_ANTI_ALIASING_FXAA.cpp">
      <Filter>iii. IIr77GRAPHICS\05. Display State\13. GPU_ANTI_ALIASING_FXAA</Filter>
    </ClCompile>
    <ClCompile Include="GPU_FILTERING_MODE.cpp">
      <Filter>iii. IIr77GRAPHICS\05. Display State\14. GPU_FILTERING_MODE</Filter>
    </ClCompile>
    <ClCompile Include="GPU_HDR.cpp">
      <Filter>iii. IIr77GRAPHICS\05. Display State\15. GPU_HDR</Filter>
    </ClCompile>
    <ClCompile Include="GPU_BLOOM.cpp">
      <Filter>iii. IIr77GRAPHICS\05. Display State\16. GPU_BLOOM</Filter>
    </ClCompile>
    <ClCompile Include="GPU_AMBIENT_OCCLUSION.cpp">
      <Filter>iii. IIr77GRAPHICS\05. Display State\17. GPU_AMBIENT_OCCLUSION</Filter>
    </ClCompile>
    <ClCompile Include="GPU_CAUSTIC_LIGHTING.cpp">
      <Filter>iii. IIr77GRAPHICS\05. Display State\18. GPU_CAUSTIC_LIGHTING</Filter>
    </ClCompile>
    <ClCompile Include="GPU_VOLUMETRIC_LIGHTING.cpp">
      <Filter>iii. IIr77GRAPHICS\05. Display State\19. GPU_VOLUMETRIC_LIGHTING</Filter>
    </ClCompile>
    <ClCompile Include="GPU_REFLECTION_MAPPINHG.cpp">
      <Filter>iii. IIr77GRAPHICS\05. Display State\20. GPU_REFLECTION_MAPPINHG</Filter>
    </ClCompile>
    <ClCompile Include="GPU_RADIOSITY.cpp">
      <Filter>iii. IIr77GRAPHICS\05. Display State\21. GPU_RADIOSITY</Filter>
    </ClCompile>
    <ClCompile Include="GPU_RAYTRACING.cpp">
      <Filter>iii. IIr77GRAPHICS\05. Display State\22. GPU_RAYTRACING</Filter>
    </ClCompile>
    <ClCompile Include="GPU_LEVEL_OF_DETAIL.cpp">
      <Filter>iii. IIr77GRAPHICS\05. Display State\23. GPU_LEVEL_OF_DETAIL</Filter>
    </ClCompile>
    <ClCompile Include="GPU_SHADER_LANGUAGE.cpp">
      <Filter>iii. IIr77GRAPHICS\05. Display State\24. GPU_SHADER_LANGUAGE</Filter>
    </ClCompile>
    <ClCompile Include="GPU_TESELATION.cpp">
      <Filter>iii. IIr77GRAPHICS\05. Display State\25. GPU_TESELATION</Filter>
    </ClCompile>
    <ClCompile Include="E_GPU_SHADER_LANGUAGE.cpp">
      <Filter>iii. IIr77GRAPHICS\12. Shader Language Enum\0. E_GPU_SHADER_LANGUAGE</Filter>
    </ClCompile>
    <ClCompile Include="E_GPU_HLSL_1_3.cpp">
      <Filter>iii. IIr77GRAPHICS\12. Shader Language Enum\1. E_GPU_HLSL_1_3</Filter>
    </ClCompile>
    <ClCompile Include="E_GPU_HLSL_1_4.cpp">
      <Filter>iii. IIr77GRAPHICS\12. Shader Language Enum\2. E_GPU_HLSL_1_4</Filter>
    </ClCompile>
    <ClCompile Include="E_GPU_HLSL_2_0.cpp">
      <Filter>iii. IIr77GRAPHICS\12. Shader Language Enum\3. E_GPU_HLSL_2_0</Filter>
    </ClCompile>
    <ClCompile Include="E_GPU_HLSL_2_A.cpp">
      <Filter>iii. IIr77GRAPHICS\12. Shader Language Enum\4. E_GPU_HLSL_2_A</Filter>
    </ClCompile>
    <ClCompile Include="E_GPU_HLSL_2_B.cpp">
      <Filter>iii. IIr77GRAPHICS\12. Shader Language Enum\5. E_GPU_HLSL_2_B</Filter>
    </ClCompile>
    <ClCompile Include="E_GPU_HLSL_3_0.cpp">
      <Filter>iii. IIr77GRAPHICS\12. Shader Language Enum\6. E_GPU_HLSL_3_0</Filter>
    </ClCompile>
    <ClCompile Include="E_GPU_HLSL_4_0.cpp">
      <Filter>iii. IIr77GRAPHICS\12. Shader Language Enum\7. E_GPU_HLSL_4_0</Filter>
    </ClCompile>
    <ClCompile Include="E_GPU_HLSL_4_1.cpp">
      <Filter>iii. IIr77GRAPHICS\12. Shader Language Enum\8. E_GPU_HLSL_4_1</Filter>
    </ClCompile>
    <ClCompile Include="E_GPU_HLSL_5_0.cpp">
      <Filter>iii. IIr77GRAPHICS\12. Shader Language Enum\9. E_GPU_HLSL_5_0</Filter>
    </ClCompile>
    <ClCompile Include="E_GPU_HLSL_6_0.cpp">
      <Filter>iii. IIr77GRAPHICS\12. Shader Language Enum\10. E_GPU_HLSL_6_0</Filter>
    </ClCompile>
    <ClCompile Include="E_GPU_HLSL_6_1.cpp">
      <Filter>iii. IIr77GRAPHICS\12. Shader Language Enum\11. E_GPU_HLSL_6_1</Filter>
    </ClCompile>
    <ClCompile Include="E_GPU_HLSL_6_2.cpp">
      <Filter>iii. IIr77GRAPHICS\12. Shader Language Enum\12. E_GPU_HLSL_6_2</Filter>
    </ClCompile>
    <ClCompile Include="E_GPU_HLSL_6_3.cpp">
      <Filter>iii. IIr77GRAPHICS\12. Shader Language Enum\13. E_GPU_HLSL_6_3</Filter>
    </ClCompile>
    <ClCompile Include="E_GPU_HLSL_6_4.cpp">
      <Filter>iii. IIr77GRAPHICS\12. Shader Language Enum\14. E_GPU_HLSL_6_4</Filter>
    </ClCompile>
    <ClCompile Include="E_GPU_HLSL_6_5.cpp">
      <Filter>iii. IIr77GRAPHICS\12. Shader Language Enum\15. E_GPU_HLSL_6_5</Filter>
    </ClCompile>
    <ClCompile Include="E_GPU_HLSL_6_6.cpp">
      <Filter>iii. IIr77GRAPHICS\12. Shader Language Enum\16. E_GPU_HLSL_6_6</Filter>
    </ClCompile>
    <ClCompile Include="E_GPU_HLSL_6_7.cpp">
      <Filter>iii. IIr77GRAPHICS\12. Shader Language Enum\17. E_GPU_HLSL_6_7</Filter>
    </ClCompile>
    <ClCompile Include="E_GPU_GLSL_3_3.cpp">
      <Filter>iii. IIr77GRAPHICS\12. Shader Language Enum\18. E_GPU_GLSL_3_3</Filter>
    </ClCompile>
    <ClCompile Include="E_GPU_GLSL_4_0.cpp">
      <Filter>iii. IIr77GRAPHICS\12. Shader Language Enum\19. E_GPU_GLSL_4_0</Filter>
    </ClCompile>
    <ClCompile Include="E_GPU_GLSL_4_1.cpp">
      <Filter>iii. IIr77GRAPHICS\12. Shader Language Enum\20. E_GPU_GLSL_4_1</Filter>
    </ClCompile>
    <ClCompile Include="E_GPU_GLSL_4_2.cpp">
      <Filter>iii. IIr77GRAPHICS\12. Shader Language Enum\21. E_GPU_GLSL_4_2</Filter>
    </ClCompile>
    <ClCompile Include="E_GPU_GLSL_4_3.cpp">
      <Filter>iii. IIr77GRAPHICS\12. Shader Language Enum\22. E_GPU_GLSL_4_3</Filter>
    </ClCompile>
    <ClCompile Include="E_GPU_GLSL_4_4.cpp">
      <Filter>iii. IIr77GRAPHICS\12. Shader Language Enum\23. E_GPU_GLSL_4_4</Filter>
    </ClCompile>
    <ClCompile Include="E_GPU_GLSL_4_5.cpp">
      <Filter>iii. IIr77GRAPHICS\12. Shader Language Enum\24. E_GPU_GLSL_4_5</Filter>
    </ClCompile>
    <ClCompile Include="E_GPU_GLSL_4_6.cpp">
      <Filter>iii. IIr77GRAPHICS\12. Shader Language Enum\25. E_GPU_GLSL_4_6</Filter>
    </ClCompile>
    <ClCompile Include="E_GPU_SPIR_V.cpp">
      <Filter>iii. IIr77GRAPHICS\12. Shader Language Enum\26. E_GPU_SPIR_V</Filter>
    </ClCompile>
    <ClCompile Include="ID_GPU_ERROR.cpp">
      <Filter>iii. IIr77GRAPHICS\99. Ir77RETURN</Filter>
    </ClCompile>
    <ClCompile Include="GPU_ERROR.cpp">
      <Filter>iii. IIr77GRAPHICS\99. Ir77RETURN\00. GPU_ERROR</Filter>
    </ClCompile>
    <ClCompile Include="E_GPU_VIDEO_CODEC.cpp">
      <Filter>iii. IIr77GRAPHICS\13. Display Video Codec Enum\00. E_GPU_VIDEO_CODEC</Filter>
    </ClCompile>
    <ClCompile Include="GPU_VIDEO_CODEC.cpp">
      <Filter>iii. IIr77GRAPHICS\05. Display State\26. GPU_VIDEO_CODEC</Filter>
    </ClCompile>
    <ClCompile Include="EIr77EGPUSEAT.cpp">
      <Filter>iii. IIr77GRAPHICS\02. DisplayBale Enumeration\02. EIr77EGPUSEAT</Filter>
    </ClCompile>
    <ClCompile Include="Ir77EGPUSEAT.cpp">
      <Filter>iii. IIr77GRAPHICS\03. DisplayBale\02. Ir77EGPUSEAT</Filter>
    </ClCompile>
    <ClCompile Include="GPU_SET_STATE.cpp">
      <Filter>iii. IIr77GRAPHICS\04. Display Operations\0. GPU_SET_STATE</Filter>
    </ClCompile>
    <ClCompile Include="GPU_GET_STATE.cpp">
      <Filter>iii. IIr77GRAPHICS\04. Display Operations\1. GPU_GET_STATE</Filter>
    </ClCompile>
    <ClCompile Include="GPU_SEAT.cpp">
      <Filter>iii. IIr77GRAPHICS\04. Display Operations\2. GPU_SEAT</Filter>
    </ClCompile>
    <ClCompile Include="GPU_CONNECT.cpp">
      <Filter>iii. IIr77GRAPHICS\04. Display Operations\3. GPU_CONNECT</Filter>
    </ClCompile>
    <ClCompile Include="GPU_DISCONNECT.cpp">
      <Filter>iii. IIr77GRAPHICS\04. Display Operations\4. GPU_DISCONNECT</Filter>
    </ClCompile>
    <ClCompile Include="GPU_REFRESH.cpp">
      <Filter>iii. IIr77GRAPHICS\04. Display Operations\5. GPU_REFRESH</Filter>
    </ClCompile>
    <ClCompile Include="GPU_RESEAT.cpp">
      <Filter>iii. IIr77GRAPHICS\04. Display Operations\6. GPU_RESEAT</Filter>
    </ClCompile>
    <ClCompile Include="GPU_RESET.cpp">
      <Filter>iii. IIr77GRAPHICS\04. Display Operations\7. GPU_RESET</Filter>
    </ClCompile>
    <ClCompile Include="GPU_START.cpp">
      <Filter>iii. IIr77GRAPHICS\04. Display Operations\8. GPU_START</Filter>
    </ClCompile>
    <ClCompile Include="GPU_STOP.cpp">
      <Filter>iii. IIr77GRAPHICS\04. Display Operations\9. GPU_STOP</Filter>
    </ClCompile>
    <ClCompile Include="GPU_TERMINATE.cpp">
      <Filter>iii. IIr77GRAPHICS\04. Display Operations\10. GPU_TERMINATE</Filter>
    </ClCompile>
    <ClCompile Include="LoadGfxPipelineFromString.cpp">
      <Filter>iv. ms-appx:///resource\00. LoadGfxPipelineFromString</Filter>
    </ClCompile>
  </ItemGroup>
    <Filter Include="Generated Files">
      <UniqueIdentifier>{926ab91d-31b4-48c3-b9a4-e681349f27f0}</UniqueIdentifier>
    </Filter>
  </ItemGroup>
    <ItemGroup>
    <None Include="IIr77GRAPHICS.def">
      <Filter>i. Ir77PROJECT</Filter>
    </None>
    <None Include="packages.config">
      <Filter>i. Ir77PROJECT</Filter>
    </None>
  </ItemGroup>
  <ItemGroup>
    <ClInclude Include="pch.h">
      <Filter>i. Ir77PROJECT</Filter>
    </ClInclude>
    <ClInclude Include="IDIr77GRAPHICS.h">
      <Filter>iii. IIr77GRAPHICS\00. Graphics Enumeration</Filter>
    </ClInclude>
    <ClInclude Include="EIr77GRAPHICS.h">
      <Filter>iii. IIr77GRAPHICS\00. Graphics Enumeration\0. EIr77GRAPHICS</Filter>
    </ClInclude>
  </ItemGroup>
  <ItemGroup>
    <Midl Include="IDIr77GRAPHICS.idl">
      <Filter>iii. IIr77GRAPHICS\00. Graphics Enumeration</Filter>
    </Midl>
    <Midl Include="EIr77GRAPHICS.idl">
      <Filter>iii. IIr77GRAPHICS\00. Graphics Enumeration\0. EIr77GRAPHICS</Filter>
    </Midl>
    <Midl Include="IIr77DEVICE.idl">
      <Filter>iii. IIr77GRAPHICS\01. Graphics\1. Ir77DEVICE</Filter>
    </Midl>
  </ItemGroup>
  <ItemGroup>
    <Natvis Include="$(MSBuildThisFileDirectory)..\..\natvis\wil.natvis" />
  </ItemGroup>
</Project>