<?xml version="1.0" encoding="utf-8"?>
<Project ToolsVersion="15.0" xmlns="http://schemas.microsoft.com/developer/msbuild/2003">
  <ItemGroup>
    <Filter Include="A00. Ir77PROJECT">
      <UniqueIdentifier>{926ab91d-31b4-48c3-b9a4-e681349f27f0}</UniqueIdentifier>
    </Filter>
    <Filter Include="A01. Ir77LIBRARY">
      <UniqueIdentifier>accd3aa8-1ba0-4223-9bbe-0c431709210b</UniqueIdentifier>
      <Extensions>rc;ico;cur;bmp;dlg;rc2;rct;bin;rgs;gif;jpg;jpeg;jpe;resx;tga;tiff;tif;png;wav;mfcribbon-ms</Extensions>
    </Filter>
    <Filter Include="A02. Ir77FORWARD">
      <UniqueIdentifier>{c6d795fb-a446-4cf9-88f9-2458a4a10f7c}</UniqueIdentifier>
    </Filter>
    <Filter Include="A03. Ir77RESOURCE">
      <UniqueIdentifier>{ffcc1d3f-e660-4eff-a2e3-71b8a5df72d6}</UniqueIdentifier>
    </Filter>
    <Filter Include="B00. IIr77APP">
      <UniqueIdentifier>{def4de6b-655e-4a75-bdb8-e4b816a5ec65}</UniqueIdentifier>
    </Filter>
    <Filter Include="B01. OIr77APP">
      <UniqueIdentifier>{7e3d2fe9-8feb-4e93-bfe0-b4326aaf5f3c}</UniqueIdentifier>
    </Filter>
    <Filter Include="B01. OIr77APP\00. OIr77APP">
      <UniqueIdentifier>{e13ee97a-d57b-44b8-9324-3d3225f41534}</UniqueIdentifier>
    </Filter>
    <Filter Include="B01. OIr77APP\04. OIr77SETSTATE">
      <UniqueIdentifier>{9512f8d4-0dcf-41f3-a511-4b44df964937}</UniqueIdentifier>
    </Filter>
    <Filter Include="B01. OIr77APP\05. OIr77GETSTATE">
      <UniqueIdentifier>{5928a3d4-93df-4b75-b622-75ba84f47031}</UniqueIdentifier>
    </Filter>
    <Filter Include="B02. DIr77APP">
      <UniqueIdentifier>{9e1f6c0c-611d-474f-8363-df341f01bc24}</UniqueIdentifier>
    </Filter>
    <Filter Include="B03. XIr77APP">
      <UniqueIdentifier>{38e31a3a-b42d-45b8-9712-50356f1a9a3c}</UniqueIdentifier>
    </Filter>
    <Filter Include="B02. DIr77APP\00. DIr77APP">
      <UniqueIdentifier>{84847d39-f35f-4f56-aad1-3ea3b3151eea}</UniqueIdentifier>
    </Filter>
    <Filter Include="B01. OIr77APP\02. OIr77UNLOAD">
      <UniqueIdentifier>{277fbc57-cd0d-43c8-ba41-8c4d2443cbec}</UniqueIdentifier>
    </Filter>
    <Filter Include="B02. DIr77APP\01. DIr77STATE">
      <UniqueIdentifier>{fe9c9cc1-e037-47d6-a19d-08747e9781d3}</UniqueIdentifier>
    </Filter>
    <Filter Include="B01. OIr77APP\03. OIr77PARK">
      <UniqueIdentifier>{e62a40d8-e96c-4c67-a023-d368ba82ddd6}</UniqueIdentifier>
    </Filter>
    <Filter Include="B04. LIr77APP">
      <UniqueIdentifier>{bcec4ef4-9f62-4d62-88c6-b9f5865c78c5}</UniqueIdentifier>
    </Filter>
    <Filter Include="B01. OIr77APP\01. OIr77LOAD">
      <UniqueIdentifier>{a8b40bad-e48a-44e4-ab39-5e8f5f83ac8a}</UniqueIdentifier>
    </Filter>
  </ItemGroup>
  <ItemGroup>
    <ClCompile Include="$(GeneratedFilesDir)module.g.cpp">
      <Filter>A00. Ir77PROJECT</Filter>
    </ClCompile>
    <ClCompile Include="pch.cpp">
      <Filter>A00. Ir77PROJECT</Filter>
    </ClCompile>
    <ClCompile Include="IDIIr77APP.cpp">
      <Filter>B00. IIr77APP</Filter>
    </ClCompile>
    <ClCompile Include="IDOIr77APP.cpp">
      <Filter>B01. OIr77APP</Filter>
    </ClCompile>
    <ClCompile Include="IDDIr77APP.cpp">
      <Filter>B02. DIr77APP</Filter>
    </ClCompile>
    <ClCompile Include="IDXIr77APP.cpp">
      <Filter>B03. XIr77APP</Filter>
    </ClCompile>
    <ClCompile Include="OIr77LOAD.cpp">
      <Filter>B01. OIr77APP\01. OIr77LOAD</Filter>
    </ClCompile>
    <ClCompile Include="OIr77UNLOAD.cpp">
      <Filter>B01. OIr77APP\02. OIr77UNLOAD</Filter>
    </ClCompile>
    <ClCompile Include="OIr77PARK.cpp">
      <Filter>B01. OIr77APP\03. OIr77PARK</Filter>
    </ClCompile>
    <ClCompile Include="OIr77SETSTATE.cpp">
      <Filter>B01. OIr77APP\04. OIr77SETSTATE</Filter>
    </ClCompile>
    <ClCompile Include="OIr77GETSTATE.cpp">
      <Filter>B01. OIr77APP\05. OIr77GETSTATE</Filter>
    </ClCompile>
    <ClCompile Include="DIr77STATE.cpp">
      <Filter>B02. DIr77APP\01. DIr77STATE</Filter>
    </ClCompile>
    <ClCompile Include="IDLIr77APP.cpp">
      <Filter>B04. LIr77APP</Filter>
    </ClCompile>
  </ItemGroup>
  <ItemGroup>
    <None Include="packages.config" />
    <None Include="IIr77APP.def">
      <Filter>A00. Ir77PROJECT</Filter>
    </None>
  </ItemGroup>
  <ItemGroup>
    <ClInclude Include="pch.h">
      <Filter>A00. Ir77PROJECT</Filter>
    </ClInclude>
  </ItemGroup>
  <ItemGroup>
    <Natvis Include="$(MSBuildThisFileDirectory)..\..\natvis\wil.natvis" />
  </ItemGroup>
</Project>