<?xml version="1.0" encoding="utf-8"?>
<Project ToolsVersion="15.0" xmlns="http://schemas.microsoft.com/developer/msbuild/2003">
  <ItemGroup>
    <Filter Include="A00. Ir77PROJECT">
      <UniqueIdentifier>{926ab91d-31b4-48c3-b9a4-e681349f27f0}</UniqueIdentifier>
    </Filter>
    <Filter Include="A01. Ir77LIBRARY">
      <UniqueIdentifier>accd3aa8-1ba0-4223-9bbe-0c431709210b</UniqueIdentifier>
      <Extensions>rc;ico;cur;bmp;dlg;rc2;rct;bin;rgs;gif;jpg;jpeg;jpe;resx;tga;tiff;tif;png;wav;mfcribbon-ms</Extensions>
    </Filter>
    <Filter Include="A02. Ir77FORWARD">
      <UniqueIdentifier>{1a1c3382-7f11-4150-b15b-b7c3c0298aa0}</UniqueIdentifier>
    </Filter>
    <Filter Include="A03. Ir77RESOURCE">
      <UniqueIdentifier>{2eb5c8b8-24ad-44b4-bf8d-f9885cb55237}</UniqueIdentifier>
    </Filter>
    <Filter Include="B00. IIr77PROJECT">
      <UniqueIdentifier>{e88cdfdf-0581-4f38-a36d-7a6b3d9dfce9}</UniqueIdentifier>
    </Filter>
    <Filter Include="B01. Ir77ACCOUNTS">
      <UniqueIdentifier>{e59f3d0b-61a2-4b10-a017-65b741dec8c0}</UniqueIdentifier>
    </Filter>
    <Filter Include="B02. Ir77VERSIONING">
      <UniqueIdentifier>{b7ac118d-297f-429d-9c80-2410d48341cf}</UniqueIdentifier>
    </Filter>
    <Filter Include="B01. Ir77ACCOUNTS\00. OIr77ACCOUNTS">
      <UniqueIdentifier>{214550f0-ca79-4aeb-9886-20e9b63677b1}</UniqueIdentifier>
    </Filter>
    <Filter Include="B01. Ir77ACCOUNTS\01. DIr77ACCOUNTS">
      <UniqueIdentifier>{4d5288d4-c365-4898-b528-1dee0e5f3fcb}</UniqueIdentifier>
    </Filter>
    <Filter Include="B01. Ir77ACCOUNTS\02. XIr77ACCOUNTS">
      <UniqueIdentifier>{c112bce6-d273-499d-bbdd-786dd41c2441}</UniqueIdentifier>
    </Filter>
    <Filter Include="B02. Ir77VERSIONING\00. OIr77VERSIONING">
      <UniqueIdentifier>{c649d989-9891-4ec9-9df3-fbb7243bc3af}</UniqueIdentifier>
    </Filter>
    <Filter Include="B02. Ir77VERSIONING\01. DIr77VERSIONING">
      <UniqueIdentifier>{561cca50-6614-4bcc-b2af-f7561274a332}</UniqueIdentifier>
    </Filter>
    <Filter Include="B02. Ir77VERSIONING\02. XIr77VERSIONING">
      <UniqueIdentifier>{ed4fe9b0-eaea-410a-be78-fbb0fd40e8df}</UniqueIdentifier>
    </Filter>
    <Filter Include="B13. Ir77GPU">
      <UniqueIdentifier>{81075633-3fca-4a70-b76e-259378028d3c}</UniqueIdentifier>
    </Filter>
    <Filter Include="B13. Ir77GPU\00. OIr77GPU">
      <UniqueIdentifier>{82aaa30d-352b-41d9-ba8c-2acdf4e661be}</UniqueIdentifier>
    </Filter>
    <Filter Include="B13. Ir77GPU\00. OIr77GPU\00. OIr77GPU">
      <UniqueIdentifier>{b553679d-91ea-4372-9caa-3ba4b3e60641}</UniqueIdentifier>
    </Filter>
    <Filter Include="B13. Ir77GPU\02. XIr77GPU">
      <UniqueIdentifier>{137aa73f-9163-46f6-a40b-3e6df9bf4219}</UniqueIdentifier>
    </Filter>
    <Filter Include="B13. Ir77GPU\02. XIr77GPU\00. XIr77GPU">
      <UniqueIdentifier>{0048da4b-78c7-4bc5-af8a-79aeafd68606}</UniqueIdentifier>
    </Filter>
    <Filter Include="B13. Ir77GPU\02. XIr77GPU\01. XIr77CONTEXT">
      <UniqueIdentifier>{38b5a98c-37d2-455d-a85f-5d711496ee4e}</UniqueIdentifier>
    </Filter>
    <Filter Include="B13. Ir77GPU\02. XIr77GPU\02. XIr77NILOBJ">
      <UniqueIdentifier>{a2b88e8d-f974-49ba-82d8-9de94d5ea78c}</UniqueIdentifier>
    </Filter>
    <Filter Include="B13. Ir77GPU\02. XIr77GPU\03. XIr77TEXTURE">
      <UniqueIdentifier>{b0ab66b0-74ad-4dc6-acfc-8f36769b72e4}</UniqueIdentifier>
    </Filter>
    <Filter Include="B13. Ir77GPU\02. XIr77GPU\06. XIr77SAMPLER">
      <UniqueIdentifier>{c43a218f-f871-4d74-9f22-e116ba57577a}</UniqueIdentifier>
    </Filter>
    <Filter Include="B13. Ir77GPU\02. XIr77GPU\05. XIr77BUFFER">
      <UniqueIdentifier>{d643a683-7088-4c36-a9d1-31e18082ff5d}</UniqueIdentifier>
    </Filter>
    <Filter Include="B13. Ir77GPU\02. XIr77GPU\04. XIr77SHADER">
      <UniqueIdentifier>{150da780-46ea-46fd-938b-bdf4a19a8d51}</UniqueIdentifier>
    </Filter>
    <Filter Include="B13. Ir77GPU\01. DIr77GPU">
      <UniqueIdentifier>{a43293f2-4f42-4630-867e-172fe0b6f2a9}</UniqueIdentifier>
    </Filter>
    <Filter Include="B13. Ir77GPU\01. DIr77GPU\00. DIr77GPU">
      <UniqueIdentifier>{e16e14dc-b851-404d-b10e-b06eb33e9ed8}</UniqueIdentifier>
    </Filter>
    <Filter Include="B12. Ir77DATABASE">
      <UniqueIdentifier>{a8ae2584-7028-4a5e-8a19-1de0e4c5c314}</UniqueIdentifier>
    </Filter>
    <Filter Include="B12. Ir77DATABASE\00. OIr77DATABASE">
      <UniqueIdentifier>{a4c72d93-a9e8-45d9-b19c-8307632642c6}</UniqueIdentifier>
    </Filter>
    <Filter Include="B12. Ir77DATABASE\01. DIr77DATABASE">
      <UniqueIdentifier>{e1774fb2-ba5d-4b6b-88ad-0cce83c90fb3}</UniqueIdentifier>
    </Filter>
    <Filter Include="B12. Ir77DATABASE\02. XIr77DATABASE">
      <UniqueIdentifier>{6db04076-6ccf-4283-a6ac-2065a69f4a86}</UniqueIdentifier>
    </Filter>
    <Filter Include="B11. Ir77PAPERS">
      <UniqueIdentifier>{72e14ce7-368e-4823-af8e-0ace27e88ed0}</UniqueIdentifier>
    </Filter>
    <Filter Include="B11. Ir77PAPERS\00. OIr77PAPERS">
      <UniqueIdentifier>{7a11b0ce-2f7a-4c51-a43a-bb44a00e0ec5}</UniqueIdentifier>
    </Filter>
    <Filter Include="B11. Ir77PAPERS\01. DIr77PAPERS">
      <UniqueIdentifier>{5e7699a6-397e-4328-a50e-7d631ce2734a}</UniqueIdentifier>
    </Filter>
    <Filter Include="B11. Ir77PAPERS\02. XIr77PAPERS">
      <UniqueIdentifier>{3ddbad43-aa72-4d4a-b71c-73b1b5d61bb8}</UniqueIdentifier>
    </Filter>
    <Filter Include="B10. Ir77GCODE">
      <UniqueIdentifier>{d4109d7a-3add-4fb6-9cb0-988486df954f}</UniqueIdentifier>
    </Filter>
    <Filter Include="B10. Ir77GCODE\00. OIr77GCODE">
      <UniqueIdentifier>{8c4b4c2a-08ca-4ff6-833c-f0cf830feb11}</UniqueIdentifier>
    </Filter>
    <Filter Include="B10. Ir77GCODE\01. DIr77GCODE">
      <UniqueIdentifier>{4120b53e-d268-4b98-bede-773f24bc63bc}</UniqueIdentifier>
    </Filter>
    <Filter Include="B10. Ir77GCODE\02. XIr77GCODE">
      <UniqueIdentifier>{20168c5e-dc06-4e05-82ac-bd0220a9adbf}</UniqueIdentifier>
    </Filter>
    <Filter Include="B09. Ir77BOM">
      <UniqueIdentifier>{f0a749f2-d58e-4468-854c-e3c2e45b64d6}</UniqueIdentifier>
    </Filter>
    <Filter Include="B09. Ir77BOM\00. OIr77BOM">
      <UniqueIdentifier>{7e05552c-fadd-402f-a620-95ccc898ef1e}</UniqueIdentifier>
    </Filter>
    <Filter Include="B09. Ir77BOM\01. DIr77BOM">
      <UniqueIdentifier>{b6daf6b1-8016-4640-88e6-007ed2033da3}</UniqueIdentifier>
    </Filter>
    <Filter Include="B09. Ir77BOM\02. XIr77BOM">
      <UniqueIdentifier>{26e58a4c-7aef-4af1-8388-0b7d5fe46323}</UniqueIdentifier>
    </Filter>
    <Filter Include="B08. Ir77SCRIPT">
      <UniqueIdentifier>{6466a415-23bb-43c4-b63d-9289bf2ce0c5}</UniqueIdentifier>
    </Filter>
    <Filter Include="B08. Ir77SCRIPT\00. OIr77SCRIPT">
      <UniqueIdentifier>{110c9493-f5b9-4e42-bdac-1a10be11fe60}</UniqueIdentifier>
    </Filter>
    <Filter Include="B08. Ir77SCRIPT\01. DIr77SCRIPT">
      <UniqueIdentifier>{5d3fb492-5da5-4dec-8d22-63f817ac52f6}</UniqueIdentifier>
    </Filter>
    <Filter Include="B08. Ir77SCRIPT\02. XIr77SCRIPT">
      <UniqueIdentifier>{6231c4aa-b8d3-42d8-a3b8-53e98acd1361}</UniqueIdentifier>
    </Filter>
    <Filter Include="B07. Ir77GENERATOR">
      <UniqueIdentifier>{51c5a58b-be28-4ed8-b7b1-02f406cc491d}</UniqueIdentifier>
    </Filter>
    <Filter Include="B07. Ir77GENERATOR\00. OIr77GENERATOR">
      <UniqueIdentifier>{b684c990-8eea-493a-8213-ba2a9bd8e24b}</UniqueIdentifier>
    </Filter>
    <Filter Include="B07. Ir77GENERATOR\01. DIr77GENERATOR">
      <UniqueIdentifier>{51a759f0-07c1-4eac-8d11-a80f6645b026}</UniqueIdentifier>
    </Filter>
    <Filter Include="B07. Ir77GENERATOR\02. XIr77GENERATOR">
      <UniqueIdentifier>{63ab5a97-bdb5-4594-9804-adab0d1d99c0}</UniqueIdentifier>
    </Filter>
    <Filter Include="B06. Ir77MATERIA">
      <UniqueIdentifier>{a54cdc22-aa2b-4f9b-9da5-da4aa6586d5e}</UniqueIdentifier>
    </Filter>
    <Filter Include="B06. Ir77MATERIAL\00. OIr77MATERIA">
      <UniqueIdentifier>{cbb41d67-66cb-44fb-ac09-a68bfbefc395}</UniqueIdentifier>
    </Filter>
    <Filter Include="B06. Ir77MATERIAL\00. OIr77MATERIAL\00. OIr77MATERIA">
      <UniqueIdentifier>{13af80ea-97a0-4fe3-a763-b0a672f6a1db}</UniqueIdentifier>
    </Filter>
    <Filter Include="B06. Ir77MATERIAL\00. OIr77MATERIAL\01. OIr77CREATE">
      <UniqueIdentifier>{cd4080e6-dafe-46d1-bc87-edfb9f75e1e0}</UniqueIdentifier>
    </Filter>
    <Filter Include="B06. Ir77MATERIAL\00. OIr77MATERIAL\02. OIr77DESTROY">
      <UniqueIdentifier>{991bd911-0c04-4375-97f7-74fa0b203284}</UniqueIdentifier>
    </Filter>
    <Filter Include="B06. Ir77MATERIAL\00. OIr77MATERIAL\03. OIr77READ">
      <UniqueIdentifier>{8d410de8-0915-4c5f-9fa2-1f5e0448ce4f}</UniqueIdentifier>
    </Filter>
    <Filter Include="B06. Ir77MATERIAL\00. OIr77MATERIAL\04. OIr77WRITE">
      <UniqueIdentifier>{aa2a9061-7cc9-4b22-b32a-aa423102bc0a}</UniqueIdentifier>
    </Filter>
    <Filter Include="B06. Ir77MATERIAL\01. DIr77MATERIA">
      <UniqueIdentifier>{99e9209a-99e6-40d1-8107-60ac7dbda817}</UniqueIdentifier>
    </Filter>
    <Filter Include="B06. Ir77MATERIAL\01. DIr77MATERIAL\00. DIr77MATERIA">
      <UniqueIdentifier>{b56960fd-83ac-407b-bb3e-e86ceea8383e}</UniqueIdentifier>
    </Filter>
    <Filter Include="B06. Ir77MATERIAL\01. DIr77MATERIAL\01. DIr77DDSFILE">
      <UniqueIdentifier>{58a84795-2840-4533-9890-7721dbde5cf4}</UniqueIdentifier>
    </Filter>
    <Filter Include="B06. Ir77MATERIAL\02. XIr77MATERIA">
      <UniqueIdentifier>{56e49c3c-21f0-4084-a6aa-e5f00e68ec6f}</UniqueIdentifier>
    </Filter>
    <Filter Include="B06. Ir77MATERIAL\02. XIr77MATERIAL\01. XIr77DDSFILE">
      <UniqueIdentifier>{0852e900-fcd8-4bc5-8df0-58d81998f30c}</UniqueIdentifier>
    </Filter>
    <Filter Include="B06. Ir77MATERIAL\02. XIr77MATERIAL\00. XIr77MATERIA">
      <UniqueIdentifier>{1c62e0de-d288-4439-8c6c-9342e5a11469}</UniqueIdentifier>
    </Filter>
    <Filter Include="B04. Ir77CAD">
      <UniqueIdentifier>{af69592d-e142-4e03-979e-65f99154f8ff}</UniqueIdentifier>
    </Filter>
    <Filter Include="B04. Ir77CAD\00. OIr77CAD">
      <UniqueIdentifier>{9e8ed9d0-0f14-46e8-9300-e6305394d662}</UniqueIdentifier>
    </Filter>
    <Filter Include="B04. Ir77CAD\00. OIr77CAD\00. OIr77CAD">
      <UniqueIdentifier>{0217e530-53eb-4095-8fae-5e79cb325015}</UniqueIdentifier>
    </Filter>
    <Filter Include="B04. Ir77CAD\00. OIr77CAD\01. OIr77ADDGEOM">
      <UniqueIdentifier>{6af5cc19-ff29-4628-8ddb-c5be57fd0552}</UniqueIdentifier>
    </Filter>
    <Filter Include="B04. Ir77CAD\00. OIr77CAD\02. OIr77DELGEOM">
      <UniqueIdentifier>{04dacc21-7751-42f5-aa00-8afc19f5651b}</UniqueIdentifier>
    </Filter>
    <Filter Include="B04. Ir77CAD\00. OIr77CAD\03. OIr77EDITGEOM">
      <UniqueIdentifier>{34134d38-2102-4549-821a-67d1b430380b}</UniqueIdentifier>
    </Filter>
    <Filter Include="B04. Ir77CAD\00. OIr77CAD\04. OIr77GEOMOP">
      <UniqueIdentifier>{fdebae56-bb74-4845-b443-b64f060c21d9}</UniqueIdentifier>
    </Filter>
    <Filter Include="B04. Ir77CAD\01. DIr77CAD">
      <UniqueIdentifier>{3639dfe2-5a8e-4dc9-9619-52e6230aaa63}</UniqueIdentifier>
    </Filter>
    <Filter Include="B04. Ir77CAD\01. DIr77CAD\00. DIr77CAD">
      <UniqueIdentifier>{b1f83298-8f8f-44c6-8287-2ba048f5809a}</UniqueIdentifier>
    </Filter>
    <Filter Include="B04. Ir77CAD\02. XIr77CAD">
      <UniqueIdentifier>{b3563919-dfeb-4416-90fa-2d722efaa9b7}</UniqueIdentifier>
    </Filter>
    <Filter Include="B04. Ir77CAD\02. XIr77CAD\00. XIr77CAD">
      <UniqueIdentifier>{d0928dff-5231-4d4d-855c-e8989ee4ad3a}</UniqueIdentifier>
    </Filter>
    <Filter Include="B05. Ir77MESH">
      <UniqueIdentifier>{6c2f3823-1469-4d17-bf3c-487c5890e55b}</UniqueIdentifier>
    </Filter>
    <Filter Include="B05. Ir77MESH\00. OIr77MESH">
      <UniqueIdentifier>{5d19721b-f5a3-4c75-a950-176ff3e8c077}</UniqueIdentifier>
    </Filter>
    <Filter Include="B05. Ir77MESH\01. DIr77MESH">
      <UniqueIdentifier>{797ac65f-7946-41bb-9b3a-eef46ed3e1f9}</UniqueIdentifier>
    </Filter>
    <Filter Include="B05. Ir77MESH\02. XIr77MESH">
      <UniqueIdentifier>{bfaf22cf-3902-4cbb-99c1-d2c665ab3b61}</UniqueIdentifier>
    </Filter>
    <Filter Include="B03. Ir77OUTLINE">
      <UniqueIdentifier>{6054c9f8-62e4-4360-afed-ec2a528bb368}</UniqueIdentifier>
    </Filter>
    <Filter Include="B03. Ir77OUTLINE\00. OIr77OUTLINE">
      <UniqueIdentifier>{1c8b6297-b697-46c1-aebd-844ca4a82c9f}</UniqueIdentifier>
    </Filter>
    <Filter Include="B03. Ir77OUTLINE\02. XIr77OUTLINE">
      <UniqueIdentifier>{cf832c75-e72f-4275-bf12-eed2d7259738}</UniqueIdentifier>
    </Filter>
    <Filter Include="B03. Ir77OUTLINE\01. DIr77OUTLINE">
      <UniqueIdentifier>{c3eeef23-6307-4de7-850c-9b30d991c1bc}</UniqueIdentifier>
    </Filter>
    <Filter Include="B03. Ir77OUTLINE\00. OIr77OUTLINE\00. OIr77OUTLINE">
      <UniqueIdentifier>{83df6a54-d4ba-41ad-a969-c930cb3d7536}</UniqueIdentifier>
    </Filter>
    <Filter Include="B03. Ir77OUTLINE\01. DIr77OUTLINE\00. DIr77OUTLINE">
      <UniqueIdentifier>{47e87830-7080-4850-8a31-5f98f6af6dbb}</UniqueIdentifier>
    </Filter>
    <Filter Include="B03. Ir77OUTLINE\02. XIr77OUTLINE\00. XIr77OUTLINE">
      <UniqueIdentifier>{e21da92d-df50-4333-8ad9-d87cf6ad2866}</UniqueIdentifier>
    </Filter>
    <Filter Include="B13. Ir77GPU\00. OIr77GPU\01. OIr77ATTPIPELINE">
      <UniqueIdentifier>{1ad6eac0-2621-4543-bd36-6fbeaa745e70}</UniqueIdentifier>
    </Filter>
    <Filter Include="B13. Ir77GPU\00. OIr77GPU\02. OIr77DETPIPELINE">
      <UniqueIdentifier>{62eb67ba-d4c4-4b80-b6d4-e529fa4afe7d}</UniqueIdentifier>
    </Filter>
    <Filter Include="B13. Ir77GPU\00. OIr77GPU\03. OIr77ATTCONTEXT">
      <UniqueIdentifier>{9f97f4d8-0a50-48e2-bb44-00131db17ecc}</UniqueIdentifier>
    </Filter>
    <Filter Include="B13. Ir77GPU\00. OIr77GPU\04. OIr77DETCONTEXT">
      <UniqueIdentifier>{f84544c1-962b-4a9d-97bf-0c147fb4e282}</UniqueIdentifier>
    </Filter>
    <Filter Include="B13. Ir77GPU\00. OIr77GPU\17. OIr77DELSAMPLER">
      <UniqueIdentifier>{c87d37a9-6b0f-4678-bfb4-5db44ffca8d1}</UniqueIdentifier>
    </Filter>
    <Filter Include="B13. Ir77GPU\00. OIr77GPU\16. OIr77NEWSAMPLER">
      <UniqueIdentifier>{036fece3-f096-4d24-9506-eca656c6bfef}</UniqueIdentifier>
    </Filter>
    <Filter Include="B13. Ir77GPU\00. OIr77GPU\15. OIr77DELBUFFER">
      <UniqueIdentifier>{43e95fe5-7fc7-4b4a-be40-17f516fe7299}</UniqueIdentifier>
    </Filter>
    <Filter Include="B13. Ir77GPU\00. OIr77GPU\14. OIr77NEWBUFFER">
      <UniqueIdentifier>{eb7b5a63-26a0-4e10-ad3b-48924945d64c}</UniqueIdentifier>
    </Filter>
    <Filter Include="B13. Ir77GPU\00. OIr77GPU\13. OIr77DELSHADER">
      <UniqueIdentifier>{505d6412-14e5-424f-8cb4-ac21e9a7bfc9}</UniqueIdentifier>
    </Filter>
    <Filter Include="B13. Ir77GPU\00. OIr77GPU\12. OIr77NEWSHADER">
      <UniqueIdentifier>{2d32870c-98b1-4c91-ab6a-e2be84e3d5c4}</UniqueIdentifier>
    </Filter>
    <Filter Include="B13. Ir77GPU\00. OIr77GPU\11. OIr77DELTEXTURE">
      <UniqueIdentifier>{07ec9eee-6759-4cd7-8687-847446c79d25}</UniqueIdentifier>
    </Filter>
    <Filter Include="B13. Ir77GPU\00. OIr77GPU\10. OIr77NEWTEXTURE">
      <UniqueIdentifier>{2b0031bc-3d2b-47d3-ba3a-a0e4e7a82a89}</UniqueIdentifier>
    </Filter>
    <Filter Include="B13. Ir77GPU\00. OIr77GPU\09. OIr77DELNILOBJ">
      <UniqueIdentifier>{d03f9546-e4cc-4b48-a320-09dc2ece0647}</UniqueIdentifier>
    </Filter>
    <Filter Include="B13. Ir77GPU\00. OIr77GPU\08. OIr77NEWNILOBJ">
      <UniqueIdentifier>{1fd7108d-b1b7-4a52-afa4-2faff5611675}</UniqueIdentifier>
    </Filter>
    <Filter Include="B13. Ir77GPU\00. OIr77GPU\07. OIr77SETCONTEXT">
      <UniqueIdentifier>{f0e91499-6ace-4548-bc5f-5b891a5b235e}</UniqueIdentifier>
    </Filter>
    <Filter Include="B13. Ir77GPU\00. OIr77GPU\06. OIr77DELCONTEXT">
      <UniqueIdentifier>{62ccb06c-1c4b-4dca-898e-47ce6a5be356}</UniqueIdentifier>
    </Filter>
    <Filter Include="B13. Ir77GPU\00. OIr77GPU\05. OIr77NEWCONTEXT">
      <UniqueIdentifier>{7ad97cd0-a407-4385-919c-59fb35b88125}</UniqueIdentifier>
    </Filter>
    <Filter Include="B04. Ir77CAD\01. DIr77CAD\01. DIr77GEOMETRY">
      <UniqueIdentifier>{e79e69bc-81e0-4a55-b5e4-83a1ebdc5eb1}</UniqueIdentifier>
    </Filter>
    <Filter Include="B04. Ir77CAD\01. DIr77CAD\02. DIr77OPERATION">
      <UniqueIdentifier>{7b495a0f-4d7c-47d6-ba74-bfcf0f233e99}</UniqueIdentifier>
    </Filter>
    <Filter Include="B13. Ir77GPU\01. DIr77GPU\07. DIr77SAMPLER">
      <UniqueIdentifier>{4127c753-b77a-4895-91ed-4a6d6455c5e9}</UniqueIdentifier>
    </Filter>
    <Filter Include="B13. Ir77GPU\01. DIr77GPU\06. DIr77BUFFER">
      <UniqueIdentifier>{ad0e210b-d37a-4653-a237-7264a47b588a}</UniqueIdentifier>
    </Filter>
    <Filter Include="B13. Ir77GPU\01. DIr77GPU\05. DIr77SHADER">
      <UniqueIdentifier>{68825743-526d-4241-9fee-d25ab34e1568}</UniqueIdentifier>
    </Filter>
    <Filter Include="B13. Ir77GPU\01. DIr77GPU\04. DIr77TEXTURE">
      <UniqueIdentifier>{88e3bab3-627f-4df8-bf46-2c81629922ad}</UniqueIdentifier>
    </Filter>
    <Filter Include="B13. Ir77GPU\01. DIr77GPU\03. DIr77NILOBJ">
      <UniqueIdentifier>{b804191b-dc39-454c-841d-aaf3c9b0a473}</UniqueIdentifier>
    </Filter>
    <Filter Include="B13. Ir77GPU\01. DIr77GPU\02. DIr77CONTEXT">
      <UniqueIdentifier>{9e7d3ad8-82c4-4755-8393-3ee288f9a52b}</UniqueIdentifier>
    </Filter>
    <Filter Include="B13. Ir77GPU\01. DIr77GPU\01. DIr77PIPELINE">
      <UniqueIdentifier>{65837a08-3121-4429-9cf9-4133ba09bca0}</UniqueIdentifier>
    </Filter>
    <Filter Include="B05. Ir77MESH\00. OIr77MESH\01. OIr77MESHOP">
      <UniqueIdentifier>{b575b663-3f77-43f6-8747-348fe09c8c6b}</UniqueIdentifier>
    </Filter>
    <Filter Include="B05. Ir77MESH\00. OIr77MESH\00. OIr77MESH">
      <UniqueIdentifier>{74b3c8fe-88c6-4922-8afa-9bcedb113f40}</UniqueIdentifier>
    </Filter>
    <Filter Include="B05. Ir77MESH\01. DIr77MESH\00. DIr77MESH">
      <UniqueIdentifier>{63d4d5c3-6962-4525-8a76-6188506ed106}</UniqueIdentifier>
    </Filter>
    <Filter Include="B05. Ir77MESH\01. DIr77MESH\01. DIr77MESHOP">
      <UniqueIdentifier>{9f6a825d-fa4b-4998-a2d7-e9d2a8a252b5}</UniqueIdentifier>
    </Filter>
  </ItemGroup>
  <ItemGroup>
    <ClCompile Include="$(GeneratedFilesDir)module.g.cpp">
      <Filter>A00. Ir77PROJECT</Filter>
    </ClCompile>
    <ClCompile Include="pch.cpp">
      <Filter>A00. Ir77PROJECT</Filter>
    </ClCompile>
    <ClCompile Include="IDIIr77PROJECT.cpp">
      <Filter>B00. IIr77PROJECT</Filter>
    </ClCompile>
    <ClCompile Include="IDOIr77ACCOUNTS.cpp">
      <Filter>B01. Ir77ACCOUNTS\00. OIr77ACCOUNTS</Filter>
    </ClCompile>
    <ClCompile Include="IDDIr77ACCOUNTS.cpp">
      <Filter>B01. Ir77ACCOUNTS\01. DIr77ACCOUNTS</Filter>
    </ClCompile>
    <ClCompile Include="IDXIr77ACCOUNTS.cpp">
      <Filter>B01. Ir77ACCOUNTS\02. XIr77ACCOUNTS</Filter>
    </ClCompile>
    <ClCompile Include="IDOIr77VERSIONING.cpp">
      <Filter>B02. Ir77VERSIONING\00. OIr77VERSIONING</Filter>
    </ClCompile>
    <ClCompile Include="IDDIr77VERSIONING.cpp">
      <Filter>B02. Ir77VERSIONING\01. DIr77VERSIONING</Filter>
    </ClCompile>
    <ClCompile Include="IDXIr77VERSIONING.cpp">
      <Filter>B02. Ir77VERSIONING\02. XIr77VERSIONING</Filter>
    </ClCompile>
    <ClCompile Include="IDOIr77MESH.cpp">
      <Filter>B05. Ir77MESH\00. OIr77MESH</Filter>
    </ClCompile>
    <ClCompile Include="IDDIr77MESH.cpp">
      <Filter>B05. Ir77MESH\01. DIr77MESH</Filter>
    </ClCompile>
    <ClCompile Include="IDOIr77CAD.cpp">
      <Filter>B04. Ir77CAD\00. OIr77CAD</Filter>
    </ClCompile>
    <ClCompile Include="IDDIr77CAD.cpp">
      <Filter>B04. Ir77CAD\01. DIr77CAD</Filter>
    </ClCompile>
    <ClCompile Include="IDXIr77CAD.cpp">
      <Filter>B04. Ir77CAD\02. XIr77CAD</Filter>
    </ClCompile>
    <ClCompile Include="IDOIr77MATERIAL.cpp">
      <Filter>B06. Ir77MATERIAL\00. OIr77MATERIAL</Filter>
    </ClCompile>
    <ClCompile Include="IDDIr77MATERIAL.cpp">
      <Filter>B06. Ir77MATERIAL\01. DIr77MATERIAL</Filter>
    </ClCompile>
    <ClCompile Include="IDOIr77GENERATOR.cpp">
      <Filter>B07. Ir77GENERATOR\00. OIr77GENERATOR</Filter>
    </ClCompile>
    <ClCompile Include="IDDIr77GENERATOR.cpp">
      <Filter>B07. Ir77GENERATOR\01. DIr77GENERATOR</Filter>
    </ClCompile>
    <ClCompile Include="IDXIr77GENERATOR.cpp">
      <Filter>B07. Ir77GENERATOR\02. XIr77GENERATOR</Filter>
    </ClCompile>
    <ClCompile Include="IDOIr77SCRIPT.cpp">
      <Filter>B08. Ir77SCRIPT\00. OIr77SCRIPT</Filter>
    </ClCompile>
    <ClCompile Include="IDDIr77SCRIPT.cpp">
      <Filter>B08. Ir77SCRIPT\01. DIr77SCRIPT</Filter>
    </ClCompile>
    <ClCompile Include="IDXIr77SCRIPT.cpp">
      <Filter>B08. Ir77SCRIPT\02. XIr77SCRIPT</Filter>
    </ClCompile>
    <ClCompile Include="IDOIr77BOM.cpp">
      <Filter>B09. Ir77BOM\00. OIr77BOM</Filter>
    </ClCompile>
    <ClCompile Include="IDDIr77BOM.cpp">
      <Filter>B09. Ir77BOM\01. DIr77BOM</Filter>
    </ClCompile>
    <ClCompile Include="IDXIr77BOM.cpp">
      <Filter>B09. Ir77BOM\02. XIr77BOM</Filter>
    </ClCompile>
    <ClCompile Include="IDOIr77GCODE.cpp">
      <Filter>B10. Ir77GCODE\00. OIr77GCODE</Filter>
    </ClCompile>
    <ClCompile Include="IDDIr77GCODE.cpp">
      <Filter>B10. Ir77GCODE\01. DIr77GCODE</Filter>
    </ClCompile>
    <ClCompile Include="IDXIr77GCODE.cpp">
      <Filter>B10. Ir77GCODE\02. XIr77GCODE</Filter>
    </ClCompile>
    <ClCompile Include="IDOIr77PAPERS.cpp">
      <Filter>B11. Ir77PAPERS\00. OIr77PAPERS</Filter>
    </ClCompile>
    <ClCompile Include="IDDIr77PAPERS.cpp">
      <Filter>B11. Ir77PAPERS\01. DIr77PAPERS</Filter>
    </ClCompile>
    <ClCompile Include="IDXIr77PAPERS.cpp">
      <Filter>B11. Ir77PAPERS\02. XIr77PAPERS</Filter>
    </ClCompile>
    <ClCompile Include="IDXIr77MATERIAL.cpp">
      <Filter>B06. Ir77MATERIAL\02. XIr77MATERIAL\00. XIr77MATERIAL</Filter>
    </ClCompile>
    <ClCompile Include="DIr77MATERIAL.cpp">
      <Filter>B06. Ir77MATERIAL\01. DIr77MATERIAL\00. DIr77MATERIAL</Filter>
    </ClCompile>
    <ClCompile Include="IDOIr77DATABASE.cpp">
      <Filter>B12. Ir77DATABASE\00. OIr77DATABASE</Filter>
    </ClCompile>
    <ClCompile Include="IDDIr77DATABASE.cpp">
      <Filter>B12. Ir77DATABASE\01. DIr77DATABASE</Filter>
    </ClCompile>
    <ClCompile Include="IDXIr77DATABASE.cpp">
      <Filter>B12. Ir77DATABASE\02. XIr77DATABASE</Filter>
    </ClCompile>
    <ClCompile Include="IDOIr77GPU.cpp">
      <Filter>B13. Ir77GPU\00. OIr77GPU</Filter>
    </ClCompile>
    <ClCompile Include="IDDIr77GPU.cpp">
      <Filter>B13. Ir77GPU\01. DIr77GPU</Filter>
    </ClCompile>
    <ClCompile Include="IDXIr77GPU.cpp">
      <Filter>B13. Ir77GPU\02. XIr77GPU</Filter>
    </ClCompile>
    <ClCompile Include="OIr77NEWCONTEXT.cpp">
      <Filter>B13. Ir77GPU\00. OIr77GPU\05. OIr77NEWCONTEXT</Filter>
    </ClCompile>
    <ClCompile Include="OIr77NEWNILOBJ.cpp">
      <Filter>B13. Ir77GPU\00. OIr77GPU\08. OIr77NEWNILOBJ</Filter>
    </ClCompile>
    <ClCompile Include="OIr77DELNILOBJ.cpp">
      <Filter>B13. Ir77GPU\00. OIr77GPU\09. OIr77DELNILOBJ</Filter>
    </ClCompile>
    <ClCompile Include="OIr77NEWTEXTURE.cpp">
      <Filter>B13. Ir77GPU\00. OIr77GPU\10. OIr77NEWTEXTURE</Filter>
    </ClCompile>
    <ClCompile Include="OIr77DELTEXTURE.cpp">
      <Filter>B13. Ir77GPU\00. OIr77GPU\11. OIr77DELTEXTURE</Filter>
    </ClCompile>
    <ClCompile Include="OIr77NEWBUFFER.cpp">
      <Filter>B13. Ir77GPU\00. OIr77GPU\14. OIr77NEWBUFFER</Filter>
    </ClCompile>
    <ClCompile Include="OIr77DELBUFFER.cpp">
      <Filter>B13. Ir77GPU\00. OIr77GPU\15. OIr77DELBUFFER</Filter>
    </ClCompile>
    <ClCompile Include="OIr77NEWSAMPLER.cpp">
      <Filter>B13. Ir77GPU\00. OIr77GPU\16. OIr77NEWSAMPLER</Filter>
    </ClCompile>
    <ClCompile Include="OIr77DELSAMPLER.cpp">
      <Filter>B13. Ir77GPU\00. OIr77GPU\17. OIr77DELSAMPLER</Filter>
    </ClCompile>
    <ClCompile Include="OIr77DELCONTEXT.cpp">
      <Filter>B13. Ir77GPU\00. OIr77GPU\06. OIr77DELCONTEXT</Filter>
    </ClCompile>
    <ClCompile Include="OIr77SETCONTEXT.cpp">
      <Filter>B13. Ir77GPU\00. OIr77GPU\07. OIr77SETCONTEXT</Filter>
    </ClCompile>
    <ClCompile Include="DIr77CONTEXT.cpp">
      <Filter>B13. Ir77GPU\01. DIr77GPU\02. DIr77CONTEXT</Filter>
    </ClCompile>
    <ClCompile Include="DIr77NILOBJ.cpp">
      <Filter>B13. Ir77GPU\01. DIr77GPU\03. DIr77NILOBJ</Filter>
    </ClCompile>
    <ClCompile Include="DIr77TEXTURE.cpp">
      <Filter>B13. Ir77GPU\01. DIr77GPU\04. DIr77TEXTURE</Filter>
    </ClCompile>
    <ClCompile Include="DIr77BUFFER.cpp">
      <Filter>B13. Ir77GPU\01. DIr77GPU\06. DIr77BUFFER</Filter>
    </ClCompile>
    <ClCompile Include="DIr77SAMPLER.cpp">
      <Filter>B13. Ir77GPU\01. DIr77GPU\07. DIr77SAMPLER</Filter>
    </ClCompile>
    <ClCompile Include="IDXIr77CONTEXT.cpp">
      <Filter>B13. Ir77GPU\02. XIr77GPU\01. XIr77CONTEXT</Filter>
    </ClCompile>
    <ClCompile Include="IDXIr77NILOBJ.cpp">
      <Filter>B13. Ir77GPU\02. XIr77GPU\02. XIr77NILOBJ</Filter>
    </ClCompile>
    <ClCompile Include="IDXIr77TEXTURE.cpp">
      <Filter>B13. Ir77GPU\02. XIr77GPU\03. XIr77TEXTURE</Filter>
    </ClCompile>
    <ClCompile Include="IDXIr77BUFFER.cpp">
      <Filter>B13. Ir77GPU\02. XIr77GPU\05. XIr77BUFFER</Filter>
    </ClCompile>
    <ClCompile Include="IDXIr77SAMPLER.cpp">
      <Filter>B13. Ir77GPU\02. XIr77GPU\06. XIr77SAMPLER</Filter>
    </ClCompile>
    <ClCompile Include="OIr77NEWSHADER.cpp">
      <Filter>B13. Ir77GPU\00. OIr77GPU\12. OIr77NEWSHADER</Filter>
    </ClCompile>
    <ClCompile Include="OIr77DELSHADER.cpp">
      <Filter>B13. Ir77GPU\00. OIr77GPU\13. OIr77DELSHADER</Filter>
    </ClCompile>
    <ClCompile Include="DIr77SHADER.cpp">
      <Filter>B13. Ir77GPU\01. DIr77GPU\05. DIr77SHADER</Filter>
    </ClCompile>
    <ClCompile Include="IDXIr77SHADER.cpp">
      <Filter>B13. Ir77GPU\02. XIr77GPU\04. XIr77SHADER</Filter>
    </ClCompile>
    <ClCompile Include="DIr77DDSFILE.cpp">
      <Filter>B06. Ir77MATERIAL\01. DIr77MATERIAL\01. DIr77DDSFILE</Filter>
    </ClCompile>
    <ClCompile Include="OIr77MATERIAL.cpp">
      <Filter>B06. Ir77MATERIAL\00. OIr77MATERIAL\00. OIr77MATERIAL</Filter>
    </ClCompile>
    <ClCompile Include="OIr77CREATE.cpp">
      <Filter>B06. Ir77MATERIAL\00. OIr77MATERIAL\01. OIr77CREATE</Filter>
    </ClCompile>
    <ClCompile Include="OIr77DESTROY.cpp">
      <Filter>B06. Ir77MATERIAL\00. OIr77MATERIAL\02. OIr77DESTROY</Filter>
    </ClCompile>
    <ClCompile Include="OIr77READ.cpp">
      <Filter>B06. Ir77MATERIAL\00. OIr77MATERIAL\03. OIr77READ</Filter>
    </ClCompile>
    <ClCompile Include="OIr77WRITE.cpp">
      <Filter>B06. Ir77MATERIAL\00. OIr77MATERIAL\04. OIr77WRITE</Filter>
    </ClCompile>
    <ClCompile Include="OIr77ADDGEOM.cpp">
      <Filter>B04. Ir77CAD\00. OIr77CAD\01. OIr77ADDGEOM</Filter>
    </ClCompile>
    <ClCompile Include="OIr77DELGEOM.cpp">
      <Filter>B04. Ir77CAD\00. OIr77CAD\02. OIr77DELGEOM</Filter>
    </ClCompile>
    <ClCompile Include="OIr77EDITGEOM.cpp">
      <Filter>B04. Ir77CAD\00. OIr77CAD\03. OIr77EDITGEOM</Filter>
    </ClCompile>
    <ClCompile Include="OIr77GEOMOP.cpp">
      <Filter>B04. Ir77CAD\00. OIr77CAD\04. OIr77GEOMOP</Filter>
    </ClCompile>
    <ClCompile Include="IDOIr77OUTLINE.cpp">
      <Filter>B03. Ir77OUTLINE\00. OIr77OUTLINE</Filter>
    </ClCompile>
    <ClCompile Include="IDDIr77OUTLINE.cpp">
      <Filter>B03. Ir77OUTLINE\01. DIr77OUTLINE</Filter>
    </ClCompile>
    <ClCompile Include="OIr77DETPIPELINE.cpp">
      <Filter>B13. Ir77GPU\00. OIr77GPU\02. OIr77DETPIPELINE</Filter>
    </ClCompile>
    <ClCompile Include="OIr77ATTCONTEXT.cpp">
      <Filter>B13. Ir77GPU\00. OIr77GPU\03. OIr77ATTCONTEXT</Filter>
    </ClCompile>
    <ClCompile Include="OIr77DETCONTEXT.cpp">
      <Filter>B13. Ir77GPU\00. OIr77GPU\04. OIr77DETCONTEXT</Filter>
    </ClCompile>
    <ClCompile Include="OIr77ATTPIPELINE.cpp">
      <Filter>B13. Ir77GPU\00. OIr77GPU\01. OIr77ATTPIPELINE</Filter>
    </ClCompile>
    <ClCompile Include="DIr77GEOMETRY.cpp">
      <Filter>B04. Ir77CAD\01. DIr77CAD\01. DIr77GEOMETRY</Filter>
    </ClCompile>
    <ClCompile Include="DIr77OPERATION.cpp">
      <Filter>B04. Ir77CAD\01. DIr77CAD\02. DIr77OPERATION</Filter>
    </ClCompile>
    <ClCompile Include="DIr77PIPELINE.cpp">
      <Filter>B13. Ir77GPU\01. DIr77GPU\01. DIr77PIPELINE</Filter>
    </ClCompile>
    <ClCompile Include="IDXIr77DDSFILE.cpp">
      <Filter>B06. Ir77MATERIAL\02. XIr77MATERIAL\01. XIr77DDSFILE</Filter>
    </ClCompile>
    <ClCompile Include="IDIr77MESHOP.cpp">
      <Filter>B05. Ir77MESH\02. XIr77MESH</Filter>
    </ClCompile>
    <ClCompile Include="DIr77MESHOP.cpp">
      <Filter>B05. Ir77MESH\01. DIr77MESH\01. DIr77MESHOP</Filter>
    </ClCompile>
    <ClCompile Include="OIr77MESHOP.cpp">
      <Filter>B05. Ir77MESH\00. OIr77MESH\01. OIr77MESHOP</Filter>
    </ClCompile>
  </ItemGroup>
  <ItemGroup>
    <None Include="packages.config" />
    <None Include="IIr77PROJECT.def">
      <Filter>A00. Ir77PROJECT</Filter>
    </None>
  </ItemGroup>
  <ItemGroup>
    <ClInclude Include="pch.h">
      <Filter>A00. Ir77PROJECT</Filter>
    </ClInclude>
  </ItemGroup>
  <ItemGroup>
    <Natvis Include="$(MSBuildThisFileDirectory)..\..\natvis\wil.natvis" />
  </ItemGroup>
</Project>